// !$*UTF8*$!
{
	archiveVersion = 1;
	classes = {
	};
	objectVersion = 56;
	objects = {

/* Begin PBXBuildFile section */
		01753FFF7D32531F15671703 /* Pods_Campaigner.framework in Frameworks */ = {isa = PBXBuildFile; fileRef = 68EC90A6D613D7F00E958129 /* Pods_Campaigner.framework */; };
		0702927A2A1A37730057FB33 /* Colors.swift in Sources */ = {isa = PBXBuildFile; fileRef = 070292792A1A37730057FB33 /* Colors.swift */; };
		0702927D2A1A442B0057FB33 /* FilterCnic.swift in Sources */ = {isa = PBXBuildFile; fileRef = 0702927C2A1A442B0057FB33 /* FilterCnic.swift */; };
		0702927F2A1A44900057FB33 /* TextFieldContainer.swift in Sources */ = {isa = PBXBuildFile; fileRef = 0702927E2A1A44900057FB33 /* TextFieldContainer.swift */; };
		070292812A1A5CEA0057FB33 /* CnicTextInput.swift in Sources */ = {isa = PBXBuildFile; fileRef = 070292802A1A5CEA0057FB33 /* CnicTextInput.swift */; };
		0710C4FC2A1B89690035021A /* MainButton.swift in Sources */ = {isa = PBXBuildFile; fileRef = 0710C4FB2A1B89690035021A /* MainButton.swift */; };
		0710C4FF2A1BB4F10035021A /* FormInput.swift in Sources */ = {isa = PBXBuildFile; fileRef = 0710C4FE2A1BB4F10035021A /* FormInput.swift */; };
		0710C5032A1BC00E0035021A /* Loader.swift in Sources */ = {isa = PBXBuildFile; fileRef = 0710C5022A1BC00E0035021A /* Loader.swift */; };
		0711DE1E2AF6425A00CB3FB5 /* EditProfileScreenView.swift in Sources */ = {isa = PBXBuildFile; fileRef = 0711DE1D2AF6425A00CB3FB5 /* EditProfileScreenView.swift */; };
		0711DE202AF64FAB00CB3FB5 /* CustomNavBarBack.swift in Sources */ = {isa = PBXBuildFile; fileRef = 0711DE1F2AF64FAB00CB3FB5 /* CustomNavBarBack.swift */; };
		0711DE252AF69E3700CB3FB5 /* ElectoralExpAdd.swift in Sources */ = {isa = PBXBuildFile; fileRef = 0711DE242AF69E3700CB3FB5 /* ElectoralExpAdd.swift */; };
		0711DE272AF6A98000CB3FB5 /* PoliticalPartyAdd.swift in Sources */ = {isa = PBXBuildFile; fileRef = 0711DE262AF6A98000CB3FB5 /* PoliticalPartyAdd.swift */; };
		0711DE2A2AF6AC2B00CB3FB5 /* DataPicker.swift in Sources */ = {isa = PBXBuildFile; fileRef = 0711DE292AF6AC2B00CB3FB5 /* DataPicker.swift */; };
		0711DE2D2AF7856800CB3FB5 /* ProfilePoliticalResponse.swift in Sources */ = {isa = PBXBuildFile; fileRef = 0711DE2C2AF7856800CB3FB5 /* ProfilePoliticalResponse.swift */; };
		0711DE2F2AF820F200CB3FB5 /* ProfileElectoralExpResponse.swift in Sources */ = {isa = PBXBuildFile; fileRef = 0711DE2E2AF820F200CB3FB5 /* ProfileElectoralExpResponse.swift */; };
		07488D362AD1039D0075CFAA /* NewsViewModel.swift in Sources */ = {isa = PBXBuildFile; fileRef = 07488D352AD1039D0075CFAA /* NewsViewModel.swift */; };
		07488D432AD1A04B0075CFAA /* ViewTabBars.swift in Sources */ = {isa = PBXBuildFile; fileRef = 07488D422AD1A04B0075CFAA /* ViewTabBars.swift */; };
		07488D452AD1A1530075CFAA /* NoRecordView.swift in Sources */ = {isa = PBXBuildFile; fileRef = 07488D442AD1A1530075CFAA /* NoRecordView.swift */; };
		07488D472AD1A97A0075CFAA /* AddNewComplaintView.swift in Sources */ = {isa = PBXBuildFile; fileRef = 07488D462AD1A97A0075CFAA /* AddNewComplaintView.swift */; };
		07488D492AD1AA690075CFAA /* EmptyNavigationView.swift in Sources */ = {isa = PBXBuildFile; fileRef = 07488D482AD1AA690075CFAA /* EmptyNavigationView.swift */; };
		07488D4B2AD1AC320075CFAA /* CardView.swift in Sources */ = {isa = PBXBuildFile; fileRef = 07488D4A2AD1AC320075CFAA /* CardView.swift */; };
		074C746C2A2535F9006812BD /* ImageSliderView.swift in Sources */ = {isa = PBXBuildFile; fileRef = 074C746B2A2535F9006812BD /* ImageSliderView.swift */; };
		074C746E2A25458E006812BD /* HomeMenuButtons.swift in Sources */ = {isa = PBXBuildFile; fileRef = 074C746D2A25458E006812BD /* HomeMenuButtons.swift */; };
		074C74712A25CC88006812BD /* SideMenu.swift in Sources */ = {isa = PBXBuildFile; fileRef = 074C74702A25CC88006812BD /* SideMenu.swift */; };
		074C74732A25CCB6006812BD /* SideMenuView.swift in Sources */ = {isa = PBXBuildFile; fileRef = 074C74722A25CCB6006812BD /* SideMenuView.swift */; };
		074C74752A25D3A2006812BD /* HomeScreenTabedView.swift in Sources */ = {isa = PBXBuildFile; fileRef = 074C74742A25D3A2006812BD /* HomeScreenTabedView.swift */; };
		07513CB62AECE3E400AB0290 /* ComplaintListResponse.swift in Sources */ = {isa = PBXBuildFile; fileRef = 07513CB52AECE3E400AB0290 /* ComplaintListResponse.swift */; };
		07513CB82AECFE3700AB0290 /* AppDelegate.swift in Sources */ = {isa = PBXBuildFile; fileRef = 07513CB72AECFE3700AB0290 /* AppDelegate.swift */; };
		07513CBA2AECFEA100AB0290 /* GoogleMapView.swift in Sources */ = {isa = PBXBuildFile; fileRef = 07513CB92AECFEA100AB0290 /* GoogleMapView.swift */; };
		07513CBC2AED718100AB0290 /* ComplaintCommentScreenView.swift in Sources */ = {isa = PBXBuildFile; fileRef = 07513CBB2AED718100AB0290 /* ComplaintCommentScreenView.swift */; };
		07513CBE2AED76D100AB0290 /* ComplaintCommentResponse.swift in Sources */ = {isa = PBXBuildFile; fileRef = 07513CBD2AED76D100AB0290 /* ComplaintCommentResponse.swift */; };
		07513CC02AEE1F6500AB0290 /* ElectionHistoryListScreenView.swift in Sources */ = {isa = PBXBuildFile; fileRef = 07513CBF2AEE1F6500AB0290 /* ElectionHistoryListScreenView.swift */; };
		07513CC22AEE858200AB0290 /* SearchableDropDown.swift in Sources */ = {isa = PBXBuildFile; fileRef = 07513CC12AEE858200AB0290 /* SearchableDropDown.swift */; };
		07513CC42AEEAABB00AB0290 /* SurveyHomeScreenView.swift in Sources */ = {isa = PBXBuildFile; fileRef = 07513CC32AEEAABB00AB0290 /* SurveyHomeScreenView.swift */; };
		07513CC62AF237CA00AB0290 /* SurveyAttemptScreenView.swift in Sources */ = {isa = PBXBuildFile; fileRef = 07513CC52AF237CA00AB0290 /* SurveyAttemptScreenView.swift */; };
		075AF35E2AEA7F2C00D33416 /* ComplaintsViewModel.swift in Sources */ = {isa = PBXBuildFile; fileRef = 075AF35D2AEA7F2C00D33416 /* ComplaintsViewModel.swift */; };
		075AF3602AEA81CE00D33416 /* ComplaintsResponse.swift in Sources */ = {isa = PBXBuildFile; fileRef = 075AF35F2AEA81CE00D33416 /* ComplaintsResponse.swift */; };
		0770533A2A1C9B8C000E1327 /* DropDown.swift in Sources */ = {isa = PBXBuildFile; fileRef = 077053392A1C9B8C000E1327 /* DropDown.swift */; };
		0778234C2ACFFD9A00A6F2E3 /* ProfileViewModel.swift in Sources */ = {isa = PBXBuildFile; fileRef = 0778234B2ACFFD9A00A6F2E3 /* ProfileViewModel.swift */; };
		0778234E2AD0090100A6F2E3 /* BasicProfileInfoResponse.swift in Sources */ = {isa = PBXBuildFile; fileRef = 0778234D2AD0090100A6F2E3 /* BasicProfileInfoResponse.swift */; };
		077823512AD0546800A6F2E3 /* SearchableInput.swift in Sources */ = {isa = PBXBuildFile; fileRef = 077823502AD0546800A6F2E3 /* SearchableInput.swift */; };
		077823532AD0584900A6F2E3 /* TestContent.swift in Sources */ = {isa = PBXBuildFile; fileRef = 077823522AD0584900A6F2E3 /* TestContent.swift */; };
		07ADF0B42A07E4110096C82D /* CampaignerApp.swift in Sources */ = {isa = PBXBuildFile; fileRef = 07ADF0B32A07E4110096C82D /* CampaignerApp.swift */; };
		07ADF0B62A07E4110096C82D /* ContentView.swift in Sources */ = {isa = PBXBuildFile; fileRef = 07ADF0B52A07E4110096C82D /* ContentView.swift */; };
		07ADF0B82A07E4120096C82D /* Assets.xcassets in Resources */ = {isa = PBXBuildFile; fileRef = 07ADF0B72A07E4120096C82D /* Assets.xcassets */; };
		07ADF0BB2A07E4120096C82D /* Preview Assets.xcassets in Resources */ = {isa = PBXBuildFile; fileRef = 07ADF0BA2A07E4120096C82D /* Preview Assets.xcassets */; };
		07ADF0D02A07E5B20096C82D /* SplashScreenView.swift in Sources */ = {isa = PBXBuildFile; fileRef = 07ADF0CF2A07E5B20096C82D /* SplashScreenView.swift */; };
		07ADF0D22A07E5BF0096C82D /* LoginScreenView.swift in Sources */ = {isa = PBXBuildFile; fileRef = 07ADF0D12A07E5BF0096C82D /* LoginScreenView.swift */; };
		07ADF0D42A07E5CB0096C82D /* RegisterScreenView.swift in Sources */ = {isa = PBXBuildFile; fileRef = 07ADF0D32A07E5CB0096C82D /* RegisterScreenView.swift */; };
		07ADF0D62A07E5EB0096C82D /* ForgotPasswordHomeScreenView.swift in Sources */ = {isa = PBXBuildFile; fileRef = 07ADF0D52A07E5EB0096C82D /* ForgotPasswordHomeScreenView.swift */; };
		07ADF0D92A07E7730096C82D /* MainBGView.swift in Sources */ = {isa = PBXBuildFile; fileRef = 07ADF0D82A07E7730096C82D /* MainBGView.swift */; };
		07ADF0DB2A07F7CA0096C82D /* CustomTextInput.swift in Sources */ = {isa = PBXBuildFile; fileRef = 07ADF0DA2A07F7CA0096C82D /* CustomTextInput.swift */; };
		07ADF0DD2A07FFB70096C82D /* KeyboardGuardian.swift in Sources */ = {isa = PBXBuildFile; fileRef = 07ADF0DC2A07FFB70096C82D /* KeyboardGuardian.swift */; };
		07DEE22C2A1CB4D700D8B4B5 /* DropDownModel.swift in Sources */ = {isa = PBXBuildFile; fileRef = 07DEE22B2A1CB4D700D8B4B5 /* DropDownModel.swift */; };
		07DEE2302A1CDA3A00D8B4B5 /* BaseView.swift in Sources */ = {isa = PBXBuildFile; fileRef = 07DEE22F2A1CDA3A00D8B4B5 /* BaseView.swift */; };
		07DEE2322A1CE38700D8B4B5 /* RegisterViewModel.swift in Sources */ = {isa = PBXBuildFile; fileRef = 07DEE2312A1CE38700D8B4B5 /* RegisterViewModel.swift */; };
		07DEE2352A1CE4A900D8B4B5 /* Alamofire in Frameworks */ = {isa = PBXBuildFile; productRef = 07DEE2342A1CE4A900D8B4B5 /* Alamofire */; };
		07DEE2372A1CE50200D8B4B5 /* NetworkManager.swift in Sources */ = {isa = PBXBuildFile; fileRef = 07DEE2362A1CE50200D8B4B5 /* NetworkManager.swift */; };
		07DEE23A2A1CE69100D8B4B5 /* BaseResponse.swift in Sources */ = {isa = PBXBuildFile; fileRef = 07DEE2392A1CE69100D8B4B5 /* BaseResponse.swift */; };
		07DEE23C2A1CE96900D8B4B5 /* ApiPaths.swift in Sources */ = {isa = PBXBuildFile; fileRef = 07DEE23B2A1CE96900D8B4B5 /* ApiPaths.swift */; };
		07DEE23E2A1CEB7300D8B4B5 /* LoginViewModel.swift in Sources */ = {isa = PBXBuildFile; fileRef = 07DEE23D2A1CEB7300D8B4B5 /* LoginViewModel.swift */; };
		07DEE2402A1CF41400D8B4B5 /* LoginResponse.swift in Sources */ = {isa = PBXBuildFile; fileRef = 07DEE23F2A1CF41400D8B4B5 /* LoginResponse.swift */; };
		07DEE2432A1CFB3700D8B4B5 /* SwiftyJSON in Frameworks */ = {isa = PBXBuildFile; productRef = 07DEE2422A1CFB3700D8B4B5 /* SwiftyJSON */; };
		07DEE2452A1D094E00D8B4B5 /* Global.swift in Sources */ = {isa = PBXBuildFile; fileRef = 07DEE2442A1D094E00D8B4B5 /* Global.swift */; };
		07DEE2482A1D372900D8B4B5 /* BaseViewProtocol.swift in Sources */ = {isa = PBXBuildFile; fileRef = 07DEE2472A1D372900D8B4B5 /* BaseViewProtocol.swift */; };
		07DEE24B2A1D3FC100D8B4B5 /* AlertToast in Frameworks */ = {isa = PBXBuildFile; productRef = 07DEE24A2A1D3FC100D8B4B5 /* AlertToast */; };
		07DEE24E2A1D4F1000D8B4B5 /* ForgotPassViewModel.swift in Sources */ = {isa = PBXBuildFile; fileRef = 07DEE24D2A1D4F1000D8B4B5 /* ForgotPassViewModel.swift */; };
		07DEE2512A1D50B500D8B4B5 /* HomeScreenView.swift in Sources */ = {isa = PBXBuildFile; fileRef = 07DEE2502A1D50B500D8B4B5 /* HomeScreenView.swift */; };
		07DEE2542A1DFE7D00D8B4B5 /* ProfileMainScreenView.swift in Sources */ = {isa = PBXBuildFile; fileRef = 07DEE2532A1DFE7D00D8B4B5 /* ProfileMainScreenView.swift */; };
		07DEE2572A1DFEA900D8B4B5 /* ProfileSection.swift in Sources */ = {isa = PBXBuildFile; fileRef = 07DEE2562A1DFEA900D8B4B5 /* ProfileSection.swift */; };
		07DEE2592A1DFEBD00D8B4B5 /* ElectoralSection.swift in Sources */ = {isa = PBXBuildFile; fileRef = 07DEE2582A1DFEBD00D8B4B5 /* ElectoralSection.swift */; };
		07DEE25B2A1DFED100D8B4B5 /* PoliticalSection.swift in Sources */ = {isa = PBXBuildFile; fileRef = 07DEE25A2A1DFED100D8B4B5 /* PoliticalSection.swift */; };
		07DEE25D2A1DFF2400D8B4B5 /* ForgotPassPinScreenView.swift in Sources */ = {isa = PBXBuildFile; fileRef = 07DEE25C2A1DFF2400D8B4B5 /* ForgotPassPinScreenView.swift */; };
		07DEE25F2A1DFF3300D8B4B5 /* ForgotPassSetPassScreenView.swift in Sources */ = {isa = PBXBuildFile; fileRef = 07DEE25E2A1DFF3300D8B4B5 /* ForgotPassSetPassScreenView.swift */; };
		07DEE2612A1E0BC500D8B4B5 /* Constants.swift in Sources */ = {isa = PBXBuildFile; fileRef = 07DEE2602A1E0BC500D8B4B5 /* Constants.swift */; };
		FA145A6B2AF3733700053160 /* TextFields.swift in Sources */ = {isa = PBXBuildFile; fileRef = FA145A6A2AF3733700053160 /* TextFields.swift */; };
		FA145A6D2AF374BC00053160 /* MobileNoTextField.swift in Sources */ = {isa = PBXBuildFile; fileRef = FA145A6C2AF374BC00053160 /* MobileNoTextField.swift */; };
		FA145A6F2AF39D3D00053160 /* FormInputField.swift in Sources */ = {isa = PBXBuildFile; fileRef = FA145A6E2AF39D3D00053160 /* FormInputField.swift */; };
		FA145A712AF3C5F500053160 /* InviteViewModel.swift in Sources */ = {isa = PBXBuildFile; fileRef = FA145A702AF3C5F500053160 /* InviteViewModel.swift */; };
		FA243E3C2A5D6B1600E7C0AB /* ReportingResponse.swift in Sources */ = {isa = PBXBuildFile; fileRef = FA243E3B2A5D6B1600E7C0AB /* ReportingResponse.swift */; };
		FA243E3E2A5E820300E7C0AB /* HelperClass.swift in Sources */ = {isa = PBXBuildFile; fileRef = FA243E3D2A5E820300E7C0AB /* HelperClass.swift */; };
		FA243E422A60273B00E7C0AB /* MapScreen.swift in Sources */ = {isa = PBXBuildFile; fileRef = FA243E412A60273B00E7C0AB /* MapScreen.swift */; };
		FA243E442A611C3F00E7C0AB /* ReportingLcoation.swift in Sources */ = {isa = PBXBuildFile; fileRef = FA243E432A611C3F00E7C0AB /* ReportingLcoation.swift */; };
		FA243E462A616EC800E7C0AB /* ContestingElectionUpdateScreenView.swift in Sources */ = {isa = PBXBuildFile; fileRef = FA243E452A616EC800E7C0AB /* ContestingElectionUpdateScreenView.swift */; };
		FA461D722AF11CAF009A3FCE /* CustomAlertView.swift in Sources */ = {isa = PBXBuildFile; fileRef = FA461D712AF11CAF009A3FCE /* CustomAlertView.swift */; };
		FA461D752AF11F86009A3FCE /* LoginCustomDivider.swift in Sources */ = {isa = PBXBuildFile; fileRef = FA461D742AF11F86009A3FCE /* LoginCustomDivider.swift */; };
		FA461D782AF12919009A3FCE /* CustomNavBar.swift in Sources */ = {isa = PBXBuildFile; fileRef = FA461D772AF12919009A3FCE /* CustomNavBar.swift */; };
		FA5B5BE02A3DE5E4005AD722 /* ImageSelectorView.swift in Sources */ = {isa = PBXBuildFile; fileRef = FA5B5BDF2A3DE5E4005AD722 /* ImageSelectorView.swift */; };
		FA5B5BE32A403462005AD722 /* NewsDetailScreenView.swift in Sources */ = {isa = PBXBuildFile; fileRef = FA5B5BE22A403462005AD722 /* NewsDetailScreenView.swift */; };
		FA5B5BE52A40590A005AD722 /* ImageView.swift in Sources */ = {isa = PBXBuildFile; fileRef = FA5B5BE42A40590A005AD722 /* ImageView.swift */; };
		FA5B5BE72A406350005AD722 /* NewsDetailsModel.swift in Sources */ = {isa = PBXBuildFile; fileRef = FA5B5BE62A406350005AD722 /* NewsDetailsModel.swift */; };
		FA5B5BE92A41B6DB005AD722 /* CenterTitleModifier.swift in Sources */ = {isa = PBXBuildFile; fileRef = FA5B5BE82A41B6DB005AD722 /* CenterTitleModifier.swift */; };
		FA5B5BEB2A41D2CA005AD722 /* PaymentsViewModel.swift in Sources */ = {isa = PBXBuildFile; fileRef = FA5B5BEA2A41D2CA005AD722 /* PaymentsViewModel.swift */; };
		FA5B5BED2A41D2FE005AD722 /* PaymentsResponse.swift in Sources */ = {isa = PBXBuildFile; fileRef = FA5B5BEC2A41D2FE005AD722 /* PaymentsResponse.swift */; };
		FA5B5BEF2A4452FC005AD722 /* ImageUploader.swift in Sources */ = {isa = PBXBuildFile; fileRef = FA5B5BEE2A4452FC005AD722 /* ImageUploader.swift */; };
		FAC49CB42A498A7200AFAE81 /* AlertView.swift in Sources */ = {isa = PBXBuildFile; fileRef = FAC49CB32A498A7200AFAE81 /* AlertView.swift */; };
		FAC49CB62A49937600AFAE81 /* SimpleAlertView.swift in Sources */ = {isa = PBXBuildFile; fileRef = FAC49CB52A49937600AFAE81 /* SimpleAlertView.swift */; };
		FAC49CB82A51DE1200AFAE81 /* VerificationCodeInput.swift in Sources */ = {isa = PBXBuildFile; fileRef = FAC49CB72A51DE1200AFAE81 /* VerificationCodeInput.swift */; };
		FAC49CC42A51FFC800AFAE81 /* PasscodeField.swift in Sources */ = {isa = PBXBuildFile; fileRef = FAC49CC32A51FFC800AFAE81 /* PasscodeField.swift */; };
		FAC49CC82A52086100AFAE81 /* OTPFieldView.swift in Sources */ = {isa = PBXBuildFile; fileRef = FAC49CC72A52086100AFAE81 /* OTPFieldView.swift */; };
		FAC49CCA2A52089800AFAE81 /* OTPInputView.swift in Sources */ = {isa = PBXBuildFile; fileRef = FAC49CC92A52089800AFAE81 /* OTPInputView.swift */; };
		FAC49CCC2A520DA900AFAE81 /* DesignTokenField.swift in Sources */ = {isa = PBXBuildFile; fileRef = FAC49CCB2A520DA900AFAE81 /* DesignTokenField.swift */; };
		FAC49CCE2A52CB8E00AFAE81 /* SurveyViewModel.swift in Sources */ = {isa = PBXBuildFile; fileRef = FAC49CCD2A52CB8E00AFAE81 /* SurveyViewModel.swift */; };
		FAC49CD02A532D0500AFAE81 /* SurveyResponse.swift in Sources */ = {isa = PBXBuildFile; fileRef = FAC49CCF2A532D0500AFAE81 /* SurveyResponse.swift */; };
		FAC49CD42A55490000AFAE81 /* CheckBoxOptionView.swift in Sources */ = {isa = PBXBuildFile; fileRef = FAC49CD32A55490000AFAE81 /* CheckBoxOptionView.swift */; };
		FAC49CD62A5596BF00AFAE81 /* TeamsViewModel.swift in Sources */ = {isa = PBXBuildFile; fileRef = FAC49CD52A5596BF00AFAE81 /* TeamsViewModel.swift */; };
		FAC49CD82A5596EA00AFAE81 /* TeamsResponse.swift in Sources */ = {isa = PBXBuildFile; fileRef = FAC49CD72A5596EA00AFAE81 /* TeamsResponse.swift */; };
		FAC49CDA2A5823D500AFAE81 /* ConfirmationAlert.swift in Sources */ = {isa = PBXBuildFile; fileRef = FAC49CD92A5823D500AFAE81 /* ConfirmationAlert.swift */; };
		FAC49CDC2A5843AE00AFAE81 /* MultilineFormInput.swift in Sources */ = {isa = PBXBuildFile; fileRef = FAC49CDB2A5843AE00AFAE81 /* MultilineFormInput.swift */; };
		FAC49CDE2A5BF33100AFAE81 /* ReportingViewModel.swift in Sources */ = {isa = PBXBuildFile; fileRef = FAC49CDD2A5BF33100AFAE81 /* ReportingViewModel.swift */; };
		FAD8FF2F2A2E16F100466533 /* hoverButton.swift in Sources */ = {isa = PBXBuildFile; fileRef = FAD8FF2E2A2E16F100466533 /* hoverButton.swift */; };
		FAD8FF312A2E2E6600466533 /* AddReportScreenView.swift in Sources */ = {isa = PBXBuildFile; fileRef = FAD8FF302A2E2E6500466533 /* AddReportScreenView.swift */; };
		FAD8FF332A2E31B500466533 /* AddButton.swift in Sources */ = {isa = PBXBuildFile; fileRef = FAD8FF322A2E31B500466533 /* AddButton.swift */; };
		FAD8FF372A2EFD8100466533 /* ComplaintsScreenView.swift in Sources */ = {isa = PBXBuildFile; fileRef = FAD8FF362A2EFD8100466533 /* ComplaintsScreenView.swift */; };
		FAD8FF3A2A2EFECC00466533 /* NotificationScreenView.swift in Sources */ = {isa = PBXBuildFile; fileRef = FAD8FF392A2EFECC00466533 /* NotificationScreenView.swift */; };
		FAD8FF3C2A2F36AF00466533 /* LogoutViewModel.swift in Sources */ = {isa = PBXBuildFile; fileRef = FAD8FF3B2A2F36AF00466533 /* LogoutViewModel.swift */; };
		FAD8FF422A2F61B700466533 /* AlertManager.swift in Sources */ = {isa = PBXBuildFile; fileRef = FAD8FF412A2F61B700466533 /* AlertManager.swift */; };
		FAD8FF462A2F642800466533 /* AlertControlled.swift in Sources */ = {isa = PBXBuildFile; fileRef = FAD8FF452A2F642800466533 /* AlertControlled.swift */; };
		FAD8FF482A30691E00466533 /* LookupsViewModel.swift in Sources */ = {isa = PBXBuildFile; fileRef = FAD8FF472A30691E00466533 /* LookupsViewModel.swift */; };
		FAD8FF4C2A308DE100466533 /* LookupsResponse.swift in Sources */ = {isa = PBXBuildFile; fileRef = FAD8FF4B2A308DE100466533 /* LookupsResponse.swift */; };
		FAD8FF4E2A30B2B400466533 /* CustomDropDown.swift in Sources */ = {isa = PBXBuildFile; fileRef = FAD8FF4D2A30B2B400466533 /* CustomDropDown.swift */; };
		FAD8FF502A31AF4B00466533 /* ContestingElectionsResponse.swift in Sources */ = {isa = PBXBuildFile; fileRef = FAD8FF4F2A31AF4B00466533 /* ContestingElectionsResponse.swift */; };
		FAD8FF542A33588600466533 /* ProgressHUDView.swift in Sources */ = {isa = PBXBuildFile; fileRef = FAD8FF532A33588600466533 /* ProgressHUDView.swift */; };
		FAD8FF582A36624800466533 /* ShareData.swift in Sources */ = {isa = PBXBuildFile; fileRef = FAD8FF572A36624800466533 /* ShareData.swift */; };
		FAD8FF5A2A36F63200466533 /* MultiLineTextField.swift in Sources */ = {isa = PBXBuildFile; fileRef = FAD8FF592A36F63200466533 /* MultiLineTextField.swift */; };
		FAD8FF5C2A37065000466533 /* CheckboxFieldView.swift in Sources */ = {isa = PBXBuildFile; fileRef = FAD8FF5B2A37065000466533 /* CheckboxFieldView.swift */; };
		FAD8FF5E2A370DFB00466533 /* CustomButton.swift in Sources */ = {isa = PBXBuildFile; fileRef = FAD8FF5D2A370DFB00466533 /* CustomButton.swift */; };
		FAD8FF602A383E7C00466533 /* RadioButton.swift in Sources */ = {isa = PBXBuildFile; fileRef = FAD8FF5F2A383E7C00466533 /* RadioButton.swift */; };
		FAD8FF622A385CB900466533 /* ReportingScreenView.swift in Sources */ = {isa = PBXBuildFile; fileRef = FAD8FF612A385CB900466533 /* ReportingScreenView.swift */; };
		FAD8FF652A385DBD00466533 /* SearchElectionScreenView.swift in Sources */ = {isa = PBXBuildFile; fileRef = FAD8FF642A385DBD00466533 /* SearchElectionScreenView.swift */; };
		FAD8FF672A386A3100466533 /* ToggleButtonView.swift in Sources */ = {isa = PBXBuildFile; fileRef = FAD8FF662A386A3100466533 /* ToggleButtonView.swift */; };
		FAD8FF6A2A38A63900466533 /* PostResultsView.swift in Sources */ = {isa = PBXBuildFile; fileRef = FAD8FF692A38A63900466533 /* PostResultsView.swift */; };
		FAD8FF6C2A38FBE000466533 /* AddResultsView.swift in Sources */ = {isa = PBXBuildFile; fileRef = FAD8FF6B2A38FBE000466533 /* AddResultsView.swift */; };
		FAD8FF6E2A38FC7E00466533 /* AddMemberView.swift in Sources */ = {isa = PBXBuildFile; fileRef = FAD8FF6D2A38FC7E00466533 /* AddMemberView.swift */; };
		FAD8FF702A38FC8800466533 /* AddTeamView.swift in Sources */ = {isa = PBXBuildFile; fileRef = FAD8FF6F2A38FC8800466533 /* AddTeamView.swift */; };
		FAD8FF722A3904B200466533 /* headerView.swift in Sources */ = {isa = PBXBuildFile; fileRef = FAD8FF712A3904B200466533 /* headerView.swift */; };
		FAD8FF752A39C65200466533 /* InviteMemberScreenView.swift in Sources */ = {isa = PBXBuildFile; fileRef = FAD8FF742A39C65200466533 /* InviteMemberScreenView.swift */; };
		FAD8FF792A39E74800466533 /* PaymentsScreenView.swift in Sources */ = {isa = PBXBuildFile; fileRef = FAD8FF782A39E74800466533 /* PaymentsScreenView.swift */; };
		FAD8FF7C2A3A4BAC00466533 /* SecondaryButton.swift in Sources */ = {isa = PBXBuildFile; fileRef = FAD8FF7B2A3A4BAC00466533 /* SecondaryButton.swift */; };
		FAD8FF7E2A3A512200466533 /* PayNowScreenView.swift in Sources */ = {isa = PBXBuildFile; fileRef = FAD8FF7D2A3A512200466533 /* PayNowScreenView.swift */; };
		FAD8FF802A3B8A3500466533 /* SubscribeScreenView.swift in Sources */ = {isa = PBXBuildFile; fileRef = FAD8FF7F2A3B8A3500466533 /* SubscribeScreenView.swift */; };
		FAD8FF822A3C63C000466533 /* SubscribePopUpScreenView.swift in Sources */ = {isa = PBXBuildFile; fileRef = FAD8FF812A3C63C000466533 /* SubscribePopUpScreenView.swift */; };
		FAEE762C2A3C9DD80077731A /* HomeViewModel.swift in Sources */ = {isa = PBXBuildFile; fileRef = FAEE762B2A3C9DD80077731A /* HomeViewModel.swift */; };
		FAEE762E2A3CE1070077731A /* HomeResponse.swift in Sources */ = {isa = PBXBuildFile; fileRef = FAEE762D2A3CE1070077731A /* HomeResponse.swift */; };
		FAF5B42D2AF251C10036D37B /* UserData.swift in Sources */ = {isa = PBXBuildFile; fileRef = FAF5B42C2AF251C10036D37B /* UserData.swift */; };
		FAF8E27D2A25F23B00149D29 /* ContestingElectionScreenView.swift in Sources */ = {isa = PBXBuildFile; fileRef = FAF8E27C2A25F23B00149D29 /* ContestingElectionScreenView.swift */; };
		FAF8E27F2A273FC000149D29 /* ContestingElectionPopUpScreenView.swift in Sources */ = {isa = PBXBuildFile; fileRef = FAF8E27E2A273FC000149D29 /* ContestingElectionPopUpScreenView.swift */; };
		FAF8E2812A27599600149D29 /* ContestentViewModel.swift in Sources */ = {isa = PBXBuildFile; fileRef = FAF8E2802A27599600149D29 /* ContestentViewModel.swift */; };
		FAF8E2842A29CABC00149D29 /* TeamsScreenView.swift in Sources */ = {isa = PBXBuildFile; fileRef = FAF8E2832A29CABC00149D29 /* TeamsScreenView.swift */; };
		FAF8E2862A29E88B00149D29 /* TabBarView.swift in Sources */ = {isa = PBXBuildFile; fileRef = FAF8E2852A29E88B00149D29 /* TabBarView.swift */; };
		FAF8E2882A29F7A100149D29 /* TabBarButton.swift in Sources */ = {isa = PBXBuildFile; fileRef = FAF8E2872A29F7A100149D29 /* TabBarButton.swift */; };
		FAF8E28E2A2B8FA800149D29 /* HomeScreen.swift in Sources */ = {isa = PBXBuildFile; fileRef = FAF8E28D2A2B8FA800149D29 /* HomeScreen.swift */; };
		FAF8E2922A2C96AC00149D29 /* CounterTabView.swift in Sources */ = {isa = PBXBuildFile; fileRef = FAF8E2912A2C96AC00149D29 /* CounterTabView.swift */; };
		FAF8E2952A2DBA6C00149D29 /* SearchBarView.swift in Sources */ = {isa = PBXBuildFile; fileRef = FAF8E2942A2DBA6C00149D29 /* SearchBarView.swift */; };
/* End PBXBuildFile section */

/* Begin PBXFileReference section */
		070292792A1A37730057FB33 /* Colors.swift */ = {isa = PBXFileReference; lastKnownFileType = sourcecode.swift; path = Colors.swift; sourceTree = "<group>"; };
		0702927C2A1A442B0057FB33 /* FilterCnic.swift */ = {isa = PBXFileReference; lastKnownFileType = sourcecode.swift; path = FilterCnic.swift; sourceTree = "<group>"; };
		0702927E2A1A44900057FB33 /* TextFieldContainer.swift */ = {isa = PBXFileReference; lastKnownFileType = sourcecode.swift; path = TextFieldContainer.swift; sourceTree = "<group>"; };
		070292802A1A5CEA0057FB33 /* CnicTextInput.swift */ = {isa = PBXFileReference; lastKnownFileType = sourcecode.swift; path = CnicTextInput.swift; sourceTree = "<group>"; };
		0710C4FB2A1B89690035021A /* MainButton.swift */ = {isa = PBXFileReference; lastKnownFileType = sourcecode.swift; path = MainButton.swift; sourceTree = "<group>"; };
		0710C4FE2A1BB4F10035021A /* FormInput.swift */ = {isa = PBXFileReference; lastKnownFileType = sourcecode.swift; path = FormInput.swift; sourceTree = "<group>"; };
		0710C5022A1BC00E0035021A /* Loader.swift */ = {isa = PBXFileReference; lastKnownFileType = sourcecode.swift; path = Loader.swift; sourceTree = "<group>"; };
		0711DE1D2AF6425A00CB3FB5 /* EditProfileScreenView.swift */ = {isa = PBXFileReference; lastKnownFileType = sourcecode.swift; path = EditProfileScreenView.swift; sourceTree = "<group>"; };
		0711DE1F2AF64FAB00CB3FB5 /* CustomNavBarBack.swift */ = {isa = PBXFileReference; lastKnownFileType = sourcecode.swift; path = CustomNavBarBack.swift; sourceTree = "<group>"; };
		0711DE242AF69E3700CB3FB5 /* ElectoralExpAdd.swift */ = {isa = PBXFileReference; lastKnownFileType = sourcecode.swift; path = ElectoralExpAdd.swift; sourceTree = "<group>"; };
		0711DE262AF6A98000CB3FB5 /* PoliticalPartyAdd.swift */ = {isa = PBXFileReference; lastKnownFileType = sourcecode.swift; path = PoliticalPartyAdd.swift; sourceTree = "<group>"; };
		0711DE292AF6AC2B00CB3FB5 /* DataPicker.swift */ = {isa = PBXFileReference; lastKnownFileType = sourcecode.swift; path = DataPicker.swift; sourceTree = "<group>"; };
		0711DE2C2AF7856800CB3FB5 /* ProfilePoliticalResponse.swift */ = {isa = PBXFileReference; lastKnownFileType = sourcecode.swift; path = ProfilePoliticalResponse.swift; sourceTree = "<group>"; };
		0711DE2E2AF820F200CB3FB5 /* ProfileElectoralExpResponse.swift */ = {isa = PBXFileReference; lastKnownFileType = sourcecode.swift; path = ProfileElectoralExpResponse.swift; sourceTree = "<group>"; };
		07488D352AD1039D0075CFAA /* NewsViewModel.swift */ = {isa = PBXFileReference; lastKnownFileType = sourcecode.swift; path = NewsViewModel.swift; sourceTree = "<group>"; };
		07488D422AD1A04B0075CFAA /* ViewTabBars.swift */ = {isa = PBXFileReference; lastKnownFileType = sourcecode.swift; path = ViewTabBars.swift; sourceTree = "<group>"; };
		07488D442AD1A1530075CFAA /* NoRecordView.swift */ = {isa = PBXFileReference; lastKnownFileType = sourcecode.swift; path = NoRecordView.swift; sourceTree = "<group>"; };
		07488D462AD1A97A0075CFAA /* AddNewComplaintView.swift */ = {isa = PBXFileReference; lastKnownFileType = sourcecode.swift; path = AddNewComplaintView.swift; sourceTree = "<group>"; };
		07488D482AD1AA690075CFAA /* EmptyNavigationView.swift */ = {isa = PBXFileReference; lastKnownFileType = sourcecode.swift; path = EmptyNavigationView.swift; sourceTree = "<group>"; };
		07488D4A2AD1AC320075CFAA /* CardView.swift */ = {isa = PBXFileReference; lastKnownFileType = sourcecode.swift; path = CardView.swift; sourceTree = "<group>"; };
		074C746B2A2535F9006812BD /* ImageSliderView.swift */ = {isa = PBXFileReference; lastKnownFileType = sourcecode.swift; path = ImageSliderView.swift; sourceTree = "<group>"; };
		074C746D2A25458E006812BD /* HomeMenuButtons.swift */ = {isa = PBXFileReference; lastKnownFileType = sourcecode.swift; path = HomeMenuButtons.swift; sourceTree = "<group>"; };
		074C74702A25CC88006812BD /* SideMenu.swift */ = {isa = PBXFileReference; lastKnownFileType = sourcecode.swift; path = SideMenu.swift; sourceTree = "<group>"; };
		074C74722A25CCB6006812BD /* SideMenuView.swift */ = {isa = PBXFileReference; lastKnownFileType = sourcecode.swift; path = SideMenuView.swift; sourceTree = "<group>"; };
		074C74742A25D3A2006812BD /* HomeScreenTabedView.swift */ = {isa = PBXFileReference; lastKnownFileType = sourcecode.swift; path = HomeScreenTabedView.swift; sourceTree = "<group>"; };
		07513CB52AECE3E400AB0290 /* ComplaintListResponse.swift */ = {isa = PBXFileReference; lastKnownFileType = sourcecode.swift; path = ComplaintListResponse.swift; sourceTree = "<group>"; };
		07513CB72AECFE3700AB0290 /* AppDelegate.swift */ = {isa = PBXFileReference; lastKnownFileType = sourcecode.swift; path = AppDelegate.swift; sourceTree = "<group>"; };
		07513CB92AECFEA100AB0290 /* GoogleMapView.swift */ = {isa = PBXFileReference; lastKnownFileType = sourcecode.swift; path = GoogleMapView.swift; sourceTree = "<group>"; };
		07513CBB2AED718100AB0290 /* ComplaintCommentScreenView.swift */ = {isa = PBXFileReference; lastKnownFileType = sourcecode.swift; path = ComplaintCommentScreenView.swift; sourceTree = "<group>"; };
		07513CBD2AED76D100AB0290 /* ComplaintCommentResponse.swift */ = {isa = PBXFileReference; lastKnownFileType = sourcecode.swift; path = ComplaintCommentResponse.swift; sourceTree = "<group>"; };
		07513CBF2AEE1F6500AB0290 /* ElectionHistoryListScreenView.swift */ = {isa = PBXFileReference; lastKnownFileType = sourcecode.swift; path = ElectionHistoryListScreenView.swift; sourceTree = "<group>"; };
		07513CC12AEE858200AB0290 /* SearchableDropDown.swift */ = {isa = PBXFileReference; lastKnownFileType = sourcecode.swift; path = SearchableDropDown.swift; sourceTree = "<group>"; };
		07513CC32AEEAABB00AB0290 /* SurveyHomeScreenView.swift */ = {isa = PBXFileReference; lastKnownFileType = sourcecode.swift; path = SurveyHomeScreenView.swift; sourceTree = "<group>"; };
		07513CC52AF237CA00AB0290 /* SurveyAttemptScreenView.swift */ = {isa = PBXFileReference; lastKnownFileType = sourcecode.swift; path = SurveyAttemptScreenView.swift; sourceTree = "<group>"; };
		075AF35D2AEA7F2C00D33416 /* ComplaintsViewModel.swift */ = {isa = PBXFileReference; lastKnownFileType = sourcecode.swift; path = ComplaintsViewModel.swift; sourceTree = "<group>"; };
		075AF35F2AEA81CE00D33416 /* ComplaintsResponse.swift */ = {isa = PBXFileReference; lastKnownFileType = sourcecode.swift; path = ComplaintsResponse.swift; sourceTree = "<group>"; };
		077053392A1C9B8C000E1327 /* DropDown.swift */ = {isa = PBXFileReference; lastKnownFileType = sourcecode.swift; path = DropDown.swift; sourceTree = "<group>"; };
		0778234B2ACFFD9A00A6F2E3 /* ProfileViewModel.swift */ = {isa = PBXFileReference; lastKnownFileType = sourcecode.swift; path = ProfileViewModel.swift; sourceTree = "<group>"; };
		0778234D2AD0090100A6F2E3 /* BasicProfileInfoResponse.swift */ = {isa = PBXFileReference; lastKnownFileType = sourcecode.swift; path = BasicProfileInfoResponse.swift; sourceTree = "<group>"; };
		077823502AD0546800A6F2E3 /* SearchableInput.swift */ = {isa = PBXFileReference; lastKnownFileType = sourcecode.swift; path = SearchableInput.swift; sourceTree = "<group>"; };
		077823522AD0584900A6F2E3 /* TestContent.swift */ = {isa = PBXFileReference; lastKnownFileType = sourcecode.swift; path = TestContent.swift; sourceTree = "<group>"; };
		07ADF0B02A07E4110096C82D /* Campaigner.app */ = {isa = PBXFileReference; explicitFileType = wrapper.application; includeInIndex = 0; path = Campaigner.app; sourceTree = BUILT_PRODUCTS_DIR; };
		07ADF0B32A07E4110096C82D /* CampaignerApp.swift */ = {isa = PBXFileReference; lastKnownFileType = sourcecode.swift; path = CampaignerApp.swift; sourceTree = "<group>"; };
		07ADF0B52A07E4110096C82D /* ContentView.swift */ = {isa = PBXFileReference; lastKnownFileType = sourcecode.swift; path = ContentView.swift; sourceTree = "<group>"; };
		07ADF0B72A07E4120096C82D /* Assets.xcassets */ = {isa = PBXFileReference; lastKnownFileType = folder.assetcatalog; path = Assets.xcassets; sourceTree = "<group>"; };
		07ADF0BA2A07E4120096C82D /* Preview Assets.xcassets */ = {isa = PBXFileReference; lastKnownFileType = folder.assetcatalog; path = "Preview Assets.xcassets"; sourceTree = "<group>"; };
		07ADF0CF2A07E5B20096C82D /* SplashScreenView.swift */ = {isa = PBXFileReference; lastKnownFileType = sourcecode.swift; path = SplashScreenView.swift; sourceTree = "<group>"; };
		07ADF0D12A07E5BF0096C82D /* LoginScreenView.swift */ = {isa = PBXFileReference; lastKnownFileType = sourcecode.swift; path = LoginScreenView.swift; sourceTree = "<group>"; };
		07ADF0D32A07E5CB0096C82D /* RegisterScreenView.swift */ = {isa = PBXFileReference; lastKnownFileType = sourcecode.swift; path = RegisterScreenView.swift; sourceTree = "<group>"; };
		07ADF0D52A07E5EB0096C82D /* ForgotPasswordHomeScreenView.swift */ = {isa = PBXFileReference; lastKnownFileType = sourcecode.swift; path = ForgotPasswordHomeScreenView.swift; sourceTree = "<group>"; };
		07ADF0D82A07E7730096C82D /* MainBGView.swift */ = {isa = PBXFileReference; lastKnownFileType = sourcecode.swift; path = MainBGView.swift; sourceTree = "<group>"; };
		07ADF0DA2A07F7CA0096C82D /* CustomTextInput.swift */ = {isa = PBXFileReference; lastKnownFileType = sourcecode.swift; path = CustomTextInput.swift; sourceTree = "<group>"; };
		07ADF0DC2A07FFB70096C82D /* KeyboardGuardian.swift */ = {isa = PBXFileReference; lastKnownFileType = sourcecode.swift; path = KeyboardGuardian.swift; sourceTree = "<group>"; };
		07DEE22B2A1CB4D700D8B4B5 /* DropDownModel.swift */ = {isa = PBXFileReference; lastKnownFileType = sourcecode.swift; path = DropDownModel.swift; sourceTree = "<group>"; };
		07DEE22F2A1CDA3A00D8B4B5 /* BaseView.swift */ = {isa = PBXFileReference; lastKnownFileType = sourcecode.swift; path = BaseView.swift; sourceTree = "<group>"; };
		07DEE2312A1CE38700D8B4B5 /* RegisterViewModel.swift */ = {isa = PBXFileReference; lastKnownFileType = sourcecode.swift; path = RegisterViewModel.swift; sourceTree = "<group>"; };
		07DEE2362A1CE50200D8B4B5 /* NetworkManager.swift */ = {isa = PBXFileReference; lastKnownFileType = sourcecode.swift; path = NetworkManager.swift; sourceTree = "<group>"; };
		07DEE2392A1CE69100D8B4B5 /* BaseResponse.swift */ = {isa = PBXFileReference; lastKnownFileType = sourcecode.swift; path = BaseResponse.swift; sourceTree = "<group>"; };
		07DEE23B2A1CE96900D8B4B5 /* ApiPaths.swift */ = {isa = PBXFileReference; lastKnownFileType = sourcecode.swift; path = ApiPaths.swift; sourceTree = "<group>"; };
		07DEE23D2A1CEB7300D8B4B5 /* LoginViewModel.swift */ = {isa = PBXFileReference; lastKnownFileType = sourcecode.swift; path = LoginViewModel.swift; sourceTree = "<group>"; };
		07DEE23F2A1CF41400D8B4B5 /* LoginResponse.swift */ = {isa = PBXFileReference; lastKnownFileType = sourcecode.swift; path = LoginResponse.swift; sourceTree = "<group>"; };
		07DEE2442A1D094E00D8B4B5 /* Global.swift */ = {isa = PBXFileReference; lastKnownFileType = sourcecode.swift; path = Global.swift; sourceTree = "<group>"; };
		07DEE2472A1D372900D8B4B5 /* BaseViewProtocol.swift */ = {isa = PBXFileReference; lastKnownFileType = sourcecode.swift; path = BaseViewProtocol.swift; sourceTree = "<group>"; };
		07DEE24D2A1D4F1000D8B4B5 /* ForgotPassViewModel.swift */ = {isa = PBXFileReference; lastKnownFileType = sourcecode.swift; path = ForgotPassViewModel.swift; sourceTree = "<group>"; };
		07DEE2502A1D50B500D8B4B5 /* HomeScreenView.swift */ = {isa = PBXFileReference; lastKnownFileType = sourcecode.swift; path = HomeScreenView.swift; sourceTree = "<group>"; };
		07DEE2532A1DFE7D00D8B4B5 /* ProfileMainScreenView.swift */ = {isa = PBXFileReference; lastKnownFileType = sourcecode.swift; path = ProfileMainScreenView.swift; sourceTree = "<group>"; };
		07DEE2562A1DFEA900D8B4B5 /* ProfileSection.swift */ = {isa = PBXFileReference; lastKnownFileType = sourcecode.swift; path = ProfileSection.swift; sourceTree = "<group>"; };
		07DEE2582A1DFEBD00D8B4B5 /* ElectoralSection.swift */ = {isa = PBXFileReference; lastKnownFileType = sourcecode.swift; path = ElectoralSection.swift; sourceTree = "<group>"; };
		07DEE25A2A1DFED100D8B4B5 /* PoliticalSection.swift */ = {isa = PBXFileReference; lastKnownFileType = sourcecode.swift; path = PoliticalSection.swift; sourceTree = "<group>"; };
		07DEE25C2A1DFF2400D8B4B5 /* ForgotPassPinScreenView.swift */ = {isa = PBXFileReference; lastKnownFileType = sourcecode.swift; path = ForgotPassPinScreenView.swift; sourceTree = "<group>"; };
		07DEE25E2A1DFF3300D8B4B5 /* ForgotPassSetPassScreenView.swift */ = {isa = PBXFileReference; lastKnownFileType = sourcecode.swift; path = ForgotPassSetPassScreenView.swift; sourceTree = "<group>"; };
		07DEE2602A1E0BC500D8B4B5 /* Constants.swift */ = {isa = PBXFileReference; lastKnownFileType = sourcecode.swift; path = Constants.swift; sourceTree = "<group>"; };
		2B19C5D66E19E0962A8703B4 /* Pods-Campaigner.debug.xcconfig */ = {isa = PBXFileReference; includeInIndex = 1; lastKnownFileType = text.xcconfig; name = "Pods-Campaigner.debug.xcconfig"; path = "Target Support Files/Pods-Campaigner/Pods-Campaigner.debug.xcconfig"; sourceTree = "<group>"; };
		68EC90A6D613D7F00E958129 /* Pods_Campaigner.framework */ = {isa = PBXFileReference; explicitFileType = wrapper.framework; includeInIndex = 0; path = Pods_Campaigner.framework; sourceTree = BUILT_PRODUCTS_DIR; };
		6F9B4EFB1EFFF03E943E1D9C /* Pods-Campaigner.release.xcconfig */ = {isa = PBXFileReference; includeInIndex = 1; lastKnownFileType = text.xcconfig; name = "Pods-Campaigner.release.xcconfig"; path = "Target Support Files/Pods-Campaigner/Pods-Campaigner.release.xcconfig"; sourceTree = "<group>"; };
		FA145A6A2AF3733700053160 /* TextFields.swift */ = {isa = PBXFileReference; lastKnownFileType = sourcecode.swift; path = TextFields.swift; sourceTree = "<group>"; };
		FA145A6C2AF374BC00053160 /* MobileNoTextField.swift */ = {isa = PBXFileReference; lastKnownFileType = sourcecode.swift; path = MobileNoTextField.swift; sourceTree = "<group>"; };
		FA145A6E2AF39D3D00053160 /* FormInputField.swift */ = {isa = PBXFileReference; lastKnownFileType = sourcecode.swift; path = FormInputField.swift; sourceTree = "<group>"; };
		FA145A702AF3C5F500053160 /* InviteViewModel.swift */ = {isa = PBXFileReference; lastKnownFileType = sourcecode.swift; path = InviteViewModel.swift; sourceTree = "<group>"; };
		FA243E3B2A5D6B1600E7C0AB /* ReportingResponse.swift */ = {isa = PBXFileReference; lastKnownFileType = sourcecode.swift; path = ReportingResponse.swift; sourceTree = "<group>"; };
		FA243E3D2A5E820300E7C0AB /* HelperClass.swift */ = {isa = PBXFileReference; lastKnownFileType = sourcecode.swift; path = HelperClass.swift; sourceTree = "<group>"; };
		FA243E412A60273B00E7C0AB /* MapScreen.swift */ = {isa = PBXFileReference; lastKnownFileType = sourcecode.swift; path = MapScreen.swift; sourceTree = "<group>"; };
		FA243E432A611C3F00E7C0AB /* ReportingLcoation.swift */ = {isa = PBXFileReference; lastKnownFileType = sourcecode.swift; path = ReportingLcoation.swift; sourceTree = "<group>"; };
		FA243E452A616EC800E7C0AB /* ContestingElectionUpdateScreenView.swift */ = {isa = PBXFileReference; lastKnownFileType = sourcecode.swift; path = ContestingElectionUpdateScreenView.swift; sourceTree = "<group>"; };
		FA461D712AF11CAF009A3FCE /* CustomAlertView.swift */ = {isa = PBXFileReference; lastKnownFileType = sourcecode.swift; path = CustomAlertView.swift; sourceTree = "<group>"; };
		FA461D742AF11F86009A3FCE /* LoginCustomDivider.swift */ = {isa = PBXFileReference; lastKnownFileType = sourcecode.swift; path = LoginCustomDivider.swift; sourceTree = "<group>"; };
		FA461D772AF12919009A3FCE /* CustomNavBar.swift */ = {isa = PBXFileReference; lastKnownFileType = sourcecode.swift; path = CustomNavBar.swift; sourceTree = "<group>"; };
		FA5B5BDF2A3DE5E4005AD722 /* ImageSelectorView.swift */ = {isa = PBXFileReference; lastKnownFileType = sourcecode.swift; path = ImageSelectorView.swift; sourceTree = "<group>"; };
		FA5B5BE22A403462005AD722 /* NewsDetailScreenView.swift */ = {isa = PBXFileReference; lastKnownFileType = sourcecode.swift; path = NewsDetailScreenView.swift; sourceTree = "<group>"; };
		FA5B5BE42A40590A005AD722 /* ImageView.swift */ = {isa = PBXFileReference; lastKnownFileType = sourcecode.swift; path = ImageView.swift; sourceTree = "<group>"; };
		FA5B5BE62A406350005AD722 /* NewsDetailsModel.swift */ = {isa = PBXFileReference; lastKnownFileType = sourcecode.swift; path = NewsDetailsModel.swift; sourceTree = "<group>"; };
		FA5B5BE82A41B6DB005AD722 /* CenterTitleModifier.swift */ = {isa = PBXFileReference; lastKnownFileType = sourcecode.swift; path = CenterTitleModifier.swift; sourceTree = "<group>"; };
		FA5B5BEA2A41D2CA005AD722 /* PaymentsViewModel.swift */ = {isa = PBXFileReference; lastKnownFileType = sourcecode.swift; path = PaymentsViewModel.swift; sourceTree = "<group>"; };
		FA5B5BEC2A41D2FE005AD722 /* PaymentsResponse.swift */ = {isa = PBXFileReference; lastKnownFileType = sourcecode.swift; path = PaymentsResponse.swift; sourceTree = "<group>"; };
		FA5B5BEE2A4452FC005AD722 /* ImageUploader.swift */ = {isa = PBXFileReference; lastKnownFileType = sourcecode.swift; path = ImageUploader.swift; sourceTree = "<group>"; };
		FAC49CB32A498A7200AFAE81 /* AlertView.swift */ = {isa = PBXFileReference; lastKnownFileType = sourcecode.swift; path = AlertView.swift; sourceTree = "<group>"; };
		FAC49CB52A49937600AFAE81 /* SimpleAlertView.swift */ = {isa = PBXFileReference; lastKnownFileType = sourcecode.swift; path = SimpleAlertView.swift; sourceTree = "<group>"; };
		FAC49CB72A51DE1200AFAE81 /* VerificationCodeInput.swift */ = {isa = PBXFileReference; lastKnownFileType = sourcecode.swift; path = VerificationCodeInput.swift; sourceTree = "<group>"; };
		FAC49CC32A51FFC800AFAE81 /* PasscodeField.swift */ = {isa = PBXFileReference; lastKnownFileType = sourcecode.swift; path = PasscodeField.swift; sourceTree = "<group>"; };
		FAC49CC72A52086100AFAE81 /* OTPFieldView.swift */ = {isa = PBXFileReference; lastKnownFileType = sourcecode.swift; path = OTPFieldView.swift; sourceTree = "<group>"; };
		FAC49CC92A52089800AFAE81 /* OTPInputView.swift */ = {isa = PBXFileReference; lastKnownFileType = sourcecode.swift; path = OTPInputView.swift; sourceTree = "<group>"; };
		FAC49CCB2A520DA900AFAE81 /* DesignTokenField.swift */ = {isa = PBXFileReference; lastKnownFileType = sourcecode.swift; path = DesignTokenField.swift; sourceTree = "<group>"; };
		FAC49CCD2A52CB8E00AFAE81 /* SurveyViewModel.swift */ = {isa = PBXFileReference; lastKnownFileType = sourcecode.swift; path = SurveyViewModel.swift; sourceTree = "<group>"; };
		FAC49CCF2A532D0500AFAE81 /* SurveyResponse.swift */ = {isa = PBXFileReference; lastKnownFileType = sourcecode.swift; path = SurveyResponse.swift; sourceTree = "<group>"; };
		FAC49CD32A55490000AFAE81 /* CheckBoxOptionView.swift */ = {isa = PBXFileReference; lastKnownFileType = sourcecode.swift; path = CheckBoxOptionView.swift; sourceTree = "<group>"; };
		FAC49CD52A5596BF00AFAE81 /* TeamsViewModel.swift */ = {isa = PBXFileReference; lastKnownFileType = sourcecode.swift; path = TeamsViewModel.swift; sourceTree = "<group>"; };
		FAC49CD72A5596EA00AFAE81 /* TeamsResponse.swift */ = {isa = PBXFileReference; lastKnownFileType = sourcecode.swift; path = TeamsResponse.swift; sourceTree = "<group>"; };
		FAC49CD92A5823D500AFAE81 /* ConfirmationAlert.swift */ = {isa = PBXFileReference; lastKnownFileType = sourcecode.swift; path = ConfirmationAlert.swift; sourceTree = "<group>"; };
		FAC49CDB2A5843AE00AFAE81 /* MultilineFormInput.swift */ = {isa = PBXFileReference; lastKnownFileType = sourcecode.swift; path = MultilineFormInput.swift; sourceTree = "<group>"; };
		FAC49CDD2A5BF33100AFAE81 /* ReportingViewModel.swift */ = {isa = PBXFileReference; lastKnownFileType = sourcecode.swift; path = ReportingViewModel.swift; sourceTree = "<group>"; };
		FAD8FF2E2A2E16F100466533 /* hoverButton.swift */ = {isa = PBXFileReference; lastKnownFileType = sourcecode.swift; path = hoverButton.swift; sourceTree = "<group>"; };
		FAD8FF302A2E2E6500466533 /* AddReportScreenView.swift */ = {isa = PBXFileReference; lastKnownFileType = sourcecode.swift; path = AddReportScreenView.swift; sourceTree = "<group>"; };
		FAD8FF322A2E31B500466533 /* AddButton.swift */ = {isa = PBXFileReference; lastKnownFileType = sourcecode.swift; path = AddButton.swift; sourceTree = "<group>"; };
		FAD8FF362A2EFD8100466533 /* ComplaintsScreenView.swift */ = {isa = PBXFileReference; lastKnownFileType = sourcecode.swift; path = ComplaintsScreenView.swift; sourceTree = "<group>"; };
		FAD8FF392A2EFECC00466533 /* NotificationScreenView.swift */ = {isa = PBXFileReference; lastKnownFileType = sourcecode.swift; path = NotificationScreenView.swift; sourceTree = "<group>"; };
		FAD8FF3B2A2F36AF00466533 /* LogoutViewModel.swift */ = {isa = PBXFileReference; lastKnownFileType = sourcecode.swift; path = LogoutViewModel.swift; sourceTree = "<group>"; };
		FAD8FF412A2F61B700466533 /* AlertManager.swift */ = {isa = PBXFileReference; lastKnownFileType = sourcecode.swift; path = AlertManager.swift; sourceTree = "<group>"; };
		FAD8FF452A2F642800466533 /* AlertControlled.swift */ = {isa = PBXFileReference; lastKnownFileType = sourcecode.swift; path = AlertControlled.swift; sourceTree = "<group>"; };
		FAD8FF472A30691E00466533 /* LookupsViewModel.swift */ = {isa = PBXFileReference; lastKnownFileType = sourcecode.swift; path = LookupsViewModel.swift; sourceTree = "<group>"; };
		FAD8FF4B2A308DE100466533 /* LookupsResponse.swift */ = {isa = PBXFileReference; lastKnownFileType = sourcecode.swift; path = LookupsResponse.swift; sourceTree = "<group>"; };
		FAD8FF4D2A30B2B400466533 /* CustomDropDown.swift */ = {isa = PBXFileReference; lastKnownFileType = sourcecode.swift; path = CustomDropDown.swift; sourceTree = "<group>"; };
		FAD8FF4F2A31AF4B00466533 /* ContestingElectionsResponse.swift */ = {isa = PBXFileReference; lastKnownFileType = sourcecode.swift; path = ContestingElectionsResponse.swift; sourceTree = "<group>"; };
		FAD8FF532A33588600466533 /* ProgressHUDView.swift */ = {isa = PBXFileReference; lastKnownFileType = sourcecode.swift; path = ProgressHUDView.swift; sourceTree = "<group>"; };
		FAD8FF572A36624800466533 /* ShareData.swift */ = {isa = PBXFileReference; lastKnownFileType = sourcecode.swift; path = ShareData.swift; sourceTree = "<group>"; };
		FAD8FF592A36F63200466533 /* MultiLineTextField.swift */ = {isa = PBXFileReference; lastKnownFileType = sourcecode.swift; path = MultiLineTextField.swift; sourceTree = "<group>"; };
		FAD8FF5B2A37065000466533 /* CheckboxFieldView.swift */ = {isa = PBXFileReference; lastKnownFileType = sourcecode.swift; path = CheckboxFieldView.swift; sourceTree = "<group>"; };
		FAD8FF5D2A370DFB00466533 /* CustomButton.swift */ = {isa = PBXFileReference; lastKnownFileType = sourcecode.swift; path = CustomButton.swift; sourceTree = "<group>"; };
		FAD8FF5F2A383E7C00466533 /* RadioButton.swift */ = {isa = PBXFileReference; lastKnownFileType = sourcecode.swift; path = RadioButton.swift; sourceTree = "<group>"; };
		FAD8FF612A385CB900466533 /* ReportingScreenView.swift */ = {isa = PBXFileReference; lastKnownFileType = sourcecode.swift; path = ReportingScreenView.swift; sourceTree = "<group>"; };
		FAD8FF642A385DBD00466533 /* SearchElectionScreenView.swift */ = {isa = PBXFileReference; lastKnownFileType = sourcecode.swift; path = SearchElectionScreenView.swift; sourceTree = "<group>"; };
		FAD8FF662A386A3100466533 /* ToggleButtonView.swift */ = {isa = PBXFileReference; lastKnownFileType = sourcecode.swift; path = ToggleButtonView.swift; sourceTree = "<group>"; };
		FAD8FF692A38A63900466533 /* PostResultsView.swift */ = {isa = PBXFileReference; lastKnownFileType = sourcecode.swift; path = PostResultsView.swift; sourceTree = "<group>"; };
		FAD8FF6B2A38FBE000466533 /* AddResultsView.swift */ = {isa = PBXFileReference; lastKnownFileType = sourcecode.swift; path = AddResultsView.swift; sourceTree = "<group>"; };
		FAD8FF6D2A38FC7E00466533 /* AddMemberView.swift */ = {isa = PBXFileReference; lastKnownFileType = sourcecode.swift; path = AddMemberView.swift; sourceTree = "<group>"; };
		FAD8FF6F2A38FC8800466533 /* AddTeamView.swift */ = {isa = PBXFileReference; lastKnownFileType = sourcecode.swift; path = AddTeamView.swift; sourceTree = "<group>"; };
		FAD8FF712A3904B200466533 /* headerView.swift */ = {isa = PBXFileReference; lastKnownFileType = sourcecode.swift; path = headerView.swift; sourceTree = "<group>"; };
		FAD8FF742A39C65200466533 /* InviteMemberScreenView.swift */ = {isa = PBXFileReference; lastKnownFileType = sourcecode.swift; path = InviteMemberScreenView.swift; sourceTree = "<group>"; };
		FAD8FF782A39E74800466533 /* PaymentsScreenView.swift */ = {isa = PBXFileReference; lastKnownFileType = sourcecode.swift; path = PaymentsScreenView.swift; sourceTree = "<group>"; };
		FAD8FF7B2A3A4BAC00466533 /* SecondaryButton.swift */ = {isa = PBXFileReference; lastKnownFileType = sourcecode.swift; path = SecondaryButton.swift; sourceTree = "<group>"; };
		FAD8FF7D2A3A512200466533 /* PayNowScreenView.swift */ = {isa = PBXFileReference; lastKnownFileType = sourcecode.swift; path = PayNowScreenView.swift; sourceTree = "<group>"; };
		FAD8FF7F2A3B8A3500466533 /* SubscribeScreenView.swift */ = {isa = PBXFileReference; lastKnownFileType = sourcecode.swift; path = SubscribeScreenView.swift; sourceTree = "<group>"; };
		FAD8FF812A3C63C000466533 /* SubscribePopUpScreenView.swift */ = {isa = PBXFileReference; lastKnownFileType = sourcecode.swift; path = SubscribePopUpScreenView.swift; sourceTree = "<group>"; };
		FAEE762B2A3C9DD80077731A /* HomeViewModel.swift */ = {isa = PBXFileReference; lastKnownFileType = sourcecode.swift; path = HomeViewModel.swift; sourceTree = "<group>"; };
		FAEE762D2A3CE1070077731A /* HomeResponse.swift */ = {isa = PBXFileReference; lastKnownFileType = sourcecode.swift; path = HomeResponse.swift; sourceTree = "<group>"; };
		FAF5B42C2AF251C10036D37B /* UserData.swift */ = {isa = PBXFileReference; lastKnownFileType = sourcecode.swift; path = UserData.swift; sourceTree = "<group>"; };
		FAF8E27C2A25F23B00149D29 /* ContestingElectionScreenView.swift */ = {isa = PBXFileReference; lastKnownFileType = sourcecode.swift; path = ContestingElectionScreenView.swift; sourceTree = "<group>"; };
		FAF8E27E2A273FC000149D29 /* ContestingElectionPopUpScreenView.swift */ = {isa = PBXFileReference; lastKnownFileType = sourcecode.swift; path = ContestingElectionPopUpScreenView.swift; sourceTree = "<group>"; };
		FAF8E2802A27599600149D29 /* ContestentViewModel.swift */ = {isa = PBXFileReference; lastKnownFileType = sourcecode.swift; path = ContestentViewModel.swift; sourceTree = "<group>"; };
		FAF8E2832A29CABC00149D29 /* TeamsScreenView.swift */ = {isa = PBXFileReference; lastKnownFileType = sourcecode.swift; path = TeamsScreenView.swift; sourceTree = "<group>"; };
		FAF8E2852A29E88B00149D29 /* TabBarView.swift */ = {isa = PBXFileReference; lastKnownFileType = sourcecode.swift; path = TabBarView.swift; sourceTree = "<group>"; };
		FAF8E2872A29F7A100149D29 /* TabBarButton.swift */ = {isa = PBXFileReference; lastKnownFileType = sourcecode.swift; path = TabBarButton.swift; sourceTree = "<group>"; };
		FAF8E28D2A2B8FA800149D29 /* HomeScreen.swift */ = {isa = PBXFileReference; lastKnownFileType = sourcecode.swift; path = HomeScreen.swift; sourceTree = "<group>"; };
		FAF8E2912A2C96AC00149D29 /* CounterTabView.swift */ = {isa = PBXFileReference; lastKnownFileType = sourcecode.swift; path = CounterTabView.swift; sourceTree = "<group>"; };
		FAF8E2942A2DBA6C00149D29 /* SearchBarView.swift */ = {isa = PBXFileReference; lastKnownFileType = sourcecode.swift; path = SearchBarView.swift; sourceTree = "<group>"; };
/* End PBXFileReference section */

/* Begin PBXFrameworksBuildPhase section */
		07ADF0AD2A07E4110096C82D /* Frameworks */ = {
			isa = PBXFrameworksBuildPhase;
			buildActionMask = 2147483647;
			files = (
				07DEE2432A1CFB3700D8B4B5 /* SwiftyJSON in Frameworks */,
				07DEE24B2A1D3FC100D8B4B5 /* AlertToast in Frameworks */,
				07DEE2352A1CE4A900D8B4B5 /* Alamofire in Frameworks */,
				01753FFF7D32531F15671703 /* Pods_Campaigner.framework in Frameworks */,
			);
			runOnlyForDeploymentPostprocessing = 0;
		};
/* End PBXFrameworksBuildPhase section */

/* Begin PBXGroup section */
		070292782A1A375D0057FB33 /* Constants */ = {
			isa = PBXGroup;
			children = (
				070292792A1A37730057FB33 /* Colors.swift */,
				07DEE23B2A1CE96900D8B4B5 /* ApiPaths.swift */,
				07DEE2442A1D094E00D8B4B5 /* Global.swift */,
				07DEE2602A1E0BC500D8B4B5 /* Constants.swift */,
			);
			path = Constants;
			sourceTree = "<group>";
		};
		0702927B2A1A43DA0057FB33 /* Extensioin */ = {
			isa = PBXGroup;
			children = (
				0702927C2A1A442B0057FB33 /* FilterCnic.swift */,
				0702927E2A1A44900057FB33 /* TextFieldContainer.swift */,
				FA243E3D2A5E820300E7C0AB /* HelperClass.swift */,
			);
			path = Extensioin;
			sourceTree = "<group>";
		};
		0710C4FA2A1B894D0035021A /* Buttons */ = {
			isa = PBXGroup;
			children = (
				0710C4FB2A1B89690035021A /* MainButton.swift */,
				FAF8E2872A29F7A100149D29 /* TabBarButton.swift */,
				FAD8FF5D2A370DFB00466533 /* CustomButton.swift */,
				FAD8FF7B2A3A4BAC00466533 /* SecondaryButton.swift */,
				FA5B5BDF2A3DE5E4005AD722 /* ImageSelectorView.swift */,
				FAC49CB72A51DE1200AFAE81 /* VerificationCodeInput.swift */,
			);
			path = Buttons;
			sourceTree = "<group>";
		};
		0710C4FD2A1BB4C40035021A /* TextInputs */ = {
			isa = PBXGroup;
			children = (
				0710C4FE2A1BB4F10035021A /* FormInput.swift */,
				FAC49CDB2A5843AE00AFAE81 /* MultilineFormInput.swift */,
				FA145A6A2AF3733700053160 /* TextFields.swift */,
				FA145A6C2AF374BC00053160 /* MobileNoTextField.swift */,
				FA145A6E2AF39D3D00053160 /* FormInputField.swift */,
			);
			path = TextInputs;
			sourceTree = "<group>";
		};
		0711DE212AF69DFC00CB3FB5 /* Profile */ = {
			isa = PBXGroup;
			children = (
				07DEE2562A1DFEA900D8B4B5 /* ProfileSection.swift */,
				0711DE1D2AF6425A00CB3FB5 /* EditProfileScreenView.swift */,
			);
			path = Profile;
			sourceTree = "<group>";
		};
		0711DE222AF69E0300CB3FB5 /* ElectoralExp */ = {
			isa = PBXGroup;
			children = (
				07DEE2582A1DFEBD00D8B4B5 /* ElectoralSection.swift */,
				0711DE242AF69E3700CB3FB5 /* ElectoralExpAdd.swift */,
			);
			path = ElectoralExp;
			sourceTree = "<group>";
		};
		0711DE232AF69E0D00CB3FB5 /* Political Exp */ = {
			isa = PBXGroup;
			children = (
				07DEE25A2A1DFED100D8B4B5 /* PoliticalSection.swift */,
				0711DE262AF6A98000CB3FB5 /* PoliticalPartyAdd.swift */,
			);
			path = "Political Exp";
			sourceTree = "<group>";
		};
		0711DE282AF6AC1500CB3FB5 /* DatePicker */ = {
			isa = PBXGroup;
			children = (
				0711DE292AF6AC2B00CB3FB5 /* DataPicker.swift */,
			);
			path = DatePicker;
			sourceTree = "<group>";
		};
		0711DE2B2AF7854E00CB3FB5 /* Profile */ = {
			isa = PBXGroup;
			children = (
				0711DE2C2AF7856800CB3FB5 /* ProfilePoliticalResponse.swift */,
				0711DE2E2AF820F200CB3FB5 /* ProfileElectoralExpResponse.swift */,
			);
			path = Profile;
			sourceTree = "<group>";
		};
		07488D412AD1A0360075CFAA /* BoilerPlates */ = {
			isa = PBXGroup;
			children = (
				07488D422AD1A04B0075CFAA /* ViewTabBars.swift */,
				07488D482AD1AA690075CFAA /* EmptyNavigationView.swift */,
			);
			path = BoilerPlates;
			sourceTree = "<group>";
		};
		074C746F2A25CC79006812BD /* SideMenu */ = {
			isa = PBXGroup;
			children = (
				074C74702A25CC88006812BD /* SideMenu.swift */,
				074C74722A25CCB6006812BD /* SideMenuView.swift */,
			);
			path = SideMenu;
			sourceTree = "<group>";
		};
		07513CB42AECE3D000AB0290 /* Complaints */ = {
			isa = PBXGroup;
			children = (
				075AF35F2AEA81CE00D33416 /* ComplaintsResponse.swift */,
				07513CB52AECE3E400AB0290 /* ComplaintListResponse.swift */,
				07513CBD2AED76D100AB0290 /* ComplaintCommentResponse.swift */,
			);
			path = Complaints;
			sourceTree = "<group>";
		};
		0778234F2AD0531200A6F2E3 /* SearchableInput */ = {
			isa = PBXGroup;
			children = (
				077823502AD0546800A6F2E3 /* SearchableInput.swift */,
			);
			path = SearchableInput;
			sourceTree = "<group>";
		};
		07ADF0A72A07E4110096C82D = {
			isa = PBXGroup;
			children = (
				07ADF0B22A07E4110096C82D /* Campaigner */,
				07ADF0B12A07E4110096C82D /* Products */,
				FB077F843F2454FCA70B36FC /* Pods */,
				F0B15009E2C56F86F6A3CC0A /* Frameworks */,
			);
			sourceTree = "<group>";
		};
		07ADF0B12A07E4110096C82D /* Products */ = {
			isa = PBXGroup;
			children = (
				07ADF0B02A07E4110096C82D /* Campaigner.app */,
			);
			name = Products;
			sourceTree = "<group>";
		};
		07ADF0B22A07E4110096C82D /* Campaigner */ = {
			isa = PBXGroup;
			children = (
				FAF5B42B2AF251AB0036D37B /* SharedData */,
				07DEE2462A1D371900D8B4B5 /* Protocols */,
				07ADF0C12A07E42F0096C82D /* Models */,
				07ADF0C42A07E4590096C82D /* Views */,
				07ADF0C22A07E43A0096C82D /* ViewModels */,
				0702927B2A1A43DA0057FB33 /* Extensioin */,
				07ADF0D72A07E7010096C82D /* Components */,
				07ADF0C32A07E44C0096C82D /* Networking */,
				070292782A1A375D0057FB33 /* Constants */,
				07ADF0B32A07E4110096C82D /* CampaignerApp.swift */,
				07ADF0B52A07E4110096C82D /* ContentView.swift */,
				07ADF0B72A07E4120096C82D /* Assets.xcassets */,
				07ADF0B92A07E4120096C82D /* Preview Content */,
				07513CB72AECFE3700AB0290 /* AppDelegate.swift */,
			);
			path = Campaigner;
			sourceTree = "<group>";
		};
		07ADF0B92A07E4120096C82D /* Preview Content */ = {
			isa = PBXGroup;
			children = (
				07ADF0BA2A07E4120096C82D /* Preview Assets.xcassets */,
			);
			path = "Preview Content";
			sourceTree = "<group>";
		};
		07ADF0C12A07E42F0096C82D /* Models */ = {
			isa = PBXGroup;
			children = (
				07DEE2382A1CE68300D8B4B5 /* RespModels */,
				07DEE22B2A1CB4D700D8B4B5 /* DropDownModel.swift */,
				FA5B5BE62A406350005AD722 /* NewsDetailsModel.swift */,
			);
			path = Models;
			sourceTree = "<group>";
		};
		07ADF0C22A07E43A0096C82D /* ViewModels */ = {
			isa = PBXGroup;
			children = (
				07DEE2312A1CE38700D8B4B5 /* RegisterViewModel.swift */,
				07DEE23D2A1CEB7300D8B4B5 /* LoginViewModel.swift */,
				07DEE24D2A1D4F1000D8B4B5 /* ForgotPassViewModel.swift */,
				FAF8E2802A27599600149D29 /* ContestentViewModel.swift */,
				FAD8FF3B2A2F36AF00466533 /* LogoutViewModel.swift */,
				FAD8FF472A30691E00466533 /* LookupsViewModel.swift */,
				FAEE762B2A3C9DD80077731A /* HomeViewModel.swift */,
				FA5B5BEA2A41D2CA005AD722 /* PaymentsViewModel.swift */,
				FAC49CCD2A52CB8E00AFAE81 /* SurveyViewModel.swift */,
				FAC49CD52A5596BF00AFAE81 /* TeamsViewModel.swift */,
				FAC49CDD2A5BF33100AFAE81 /* ReportingViewModel.swift */,
				0778234B2ACFFD9A00A6F2E3 /* ProfileViewModel.swift */,
				07488D352AD1039D0075CFAA /* NewsViewModel.swift */,
				075AF35D2AEA7F2C00D33416 /* ComplaintsViewModel.swift */,
				FA145A702AF3C5F500053160 /* InviteViewModel.swift */,
			);
			path = ViewModels;
			sourceTree = "<group>";
		};
		07ADF0C32A07E44C0096C82D /* Networking */ = {
			isa = PBXGroup;
			children = (
				07DEE2362A1CE50200D8B4B5 /* NetworkManager.swift */,
			);
			path = Networking;
			sourceTree = "<group>";
		};
		07ADF0C42A07E4590096C82D /* Views */ = {
			isa = PBXGroup;
			children = (
				07488D412AD1A0360075CFAA /* BoilerPlates */,
				FA5B5BE12A403446005AD722 /* News */,
				FAD8FF772A39E72F00466533 /* Payments */,
				FAD8FF732A39C64100466533 /* Member */,
				FAD8FF632A385DAD00466533 /* ElectionResult */,
				FAD8FF682A3898BE00466533 /* PostElection */,
				FAD8FF382A2EFEB600466533 /* Notifications */,
				FAF8E2892A2B40F700149D29 /* Surveys */,
				FAF8E28A2A2B8A8B00149D29 /* Reporting */,
				FAF8E28B2A2B8A9500149D29 /* Complaints */,
				FAF8E2822A29CA9C00149D29 /* Teams */,
				FAF8E27B2A25F07600149D29 /* ContestingElections */,
				07DEE2522A1DFE5300D8B4B5 /* Profile */,
				07DEE24F2A1D509700D8B4B5 /* Home */,
				07DEE24C2A1D4A7F00D8B4B5 /* ForgotPass */,
				07ADF0CF2A07E5B20096C82D /* SplashScreenView.swift */,
				07ADF0D12A07E5BF0096C82D /* LoginScreenView.swift */,
				07ADF0D32A07E5CB0096C82D /* RegisterScreenView.swift */,
				07DEE22F2A1CDA3A00D8B4B5 /* BaseView.swift */,
				077823522AD0584900A6F2E3 /* TestContent.swift */,
				07513CB92AECFEA100AB0290 /* GoogleMapView.swift */,
			);
			path = Views;
			sourceTree = "<group>";
		};
		07ADF0D72A07E7010096C82D /* Components */ = {
			isa = PBXGroup;
			children = (
				0711DE282AF6AC1500CB3FB5 /* DatePicker */,
				FA461D762AF128FE009A3FCE /* NavigationBar */,
				FA461D702AF11C8F009A3FCE /* CustomAlert */,
				0778234F2AD0531200A6F2E3 /* SearchableInput */,
				FAF8E2932A2DBA5900149D29 /* SearchBar */,
				FAF8E28C2A2B8F2200149D29 /* MainMenu */,
				074C746F2A25CC79006812BD /* SideMenu */,
				0710C4FD2A1BB4C40035021A /* TextInputs */,
				0710C4FA2A1B894D0035021A /* Buttons */,
				07ADF0D82A07E7730096C82D /* MainBGView.swift */,
				FAD8FF592A36F63200466533 /* MultiLineTextField.swift */,
				07ADF0DA2A07F7CA0096C82D /* CustomTextInput.swift */,
				FA461D742AF11F86009A3FCE /* LoginCustomDivider.swift */,
				07ADF0DC2A07FFB70096C82D /* KeyboardGuardian.swift */,
				070292802A1A5CEA0057FB33 /* CnicTextInput.swift */,
				07513CC12AEE858200AB0290 /* SearchableDropDown.swift */,
				0710C5022A1BC00E0035021A /* Loader.swift */,
				077053392A1C9B8C000E1327 /* DropDown.swift */,
				074C746B2A2535F9006812BD /* ImageSliderView.swift */,
				FAF8E2852A29E88B00149D29 /* TabBarView.swift */,
				FAF8E2912A2C96AC00149D29 /* CounterTabView.swift */,
				FAD8FF2E2A2E16F100466533 /* hoverButton.swift */,
				FAD8FF322A2E31B500466533 /* AddButton.swift */,
				FAD8FF412A2F61B700466533 /* AlertManager.swift */,
				FAD8FF452A2F642800466533 /* AlertControlled.swift */,
				FAD8FF4D2A30B2B400466533 /* CustomDropDown.swift */,
				FAD8FF532A33588600466533 /* ProgressHUDView.swift */,
				FAD8FF572A36624800466533 /* ShareData.swift */,
				FAD8FF5B2A37065000466533 /* CheckboxFieldView.swift */,
				FAD8FF5F2A383E7C00466533 /* RadioButton.swift */,
				FAD8FF662A386A3100466533 /* ToggleButtonView.swift */,
				FAD8FF712A3904B200466533 /* headerView.swift */,
				FA5B5BE42A40590A005AD722 /* ImageView.swift */,
				FA5B5BE82A41B6DB005AD722 /* CenterTitleModifier.swift */,
				FA5B5BEE2A4452FC005AD722 /* ImageUploader.swift */,
				FAC49CB32A498A7200AFAE81 /* AlertView.swift */,
				FAC49CB52A49937600AFAE81 /* SimpleAlertView.swift */,
				FAC49CC32A51FFC800AFAE81 /* PasscodeField.swift */,
				FAC49CC72A52086100AFAE81 /* OTPFieldView.swift */,
				FAC49CC92A52089800AFAE81 /* OTPInputView.swift */,
				FAC49CCB2A520DA900AFAE81 /* DesignTokenField.swift */,
				FAC49CD32A55490000AFAE81 /* CheckBoxOptionView.swift */,
				FAC49CD92A5823D500AFAE81 /* ConfirmationAlert.swift */,
				FA243E412A60273B00E7C0AB /* MapScreen.swift */,
				07488D442AD1A1530075CFAA /* NoRecordView.swift */,
				07488D4A2AD1AC320075CFAA /* CardView.swift */,
			);
			path = Components;
			sourceTree = "<group>";
		};
		07DEE2382A1CE68300D8B4B5 /* RespModels */ = {
			isa = PBXGroup;
			children = (
				0711DE2B2AF7854E00CB3FB5 /* Profile */,
				07513CB42AECE3D000AB0290 /* Complaints */,
				07DEE2392A1CE69100D8B4B5 /* BaseResponse.swift */,
				07DEE23F2A1CF41400D8B4B5 /* LoginResponse.swift */,
				FAD8FF4B2A308DE100466533 /* LookupsResponse.swift */,
				FAD8FF4F2A31AF4B00466533 /* ContestingElectionsResponse.swift */,
				FAEE762D2A3CE1070077731A /* HomeResponse.swift */,
				FA5B5BEC2A41D2FE005AD722 /* PaymentsResponse.swift */,
				FAC49CCF2A532D0500AFAE81 /* SurveyResponse.swift */,
				FAC49CD72A5596EA00AFAE81 /* TeamsResponse.swift */,
				FA243E3B2A5D6B1600E7C0AB /* ReportingResponse.swift */,
				0778234D2AD0090100A6F2E3 /* BasicProfileInfoResponse.swift */,
			);
			path = RespModels;
			sourceTree = "<group>";
		};
		07DEE2462A1D371900D8B4B5 /* Protocols */ = {
			isa = PBXGroup;
			children = (
				07DEE2472A1D372900D8B4B5 /* BaseViewProtocol.swift */,
			);
			path = Protocols;
			sourceTree = "<group>";
		};
		07DEE24C2A1D4A7F00D8B4B5 /* ForgotPass */ = {
			isa = PBXGroup;
			children = (
				07ADF0D52A07E5EB0096C82D /* ForgotPasswordHomeScreenView.swift */,
				07DEE25C2A1DFF2400D8B4B5 /* ForgotPassPinScreenView.swift */,
				07DEE25E2A1DFF3300D8B4B5 /* ForgotPassSetPassScreenView.swift */,
			);
			path = ForgotPass;
			sourceTree = "<group>";
		};
		07DEE24F2A1D509700D8B4B5 /* Home */ = {
			isa = PBXGroup;
			children = (
				07DEE2502A1D50B500D8B4B5 /* HomeScreenView.swift */,
				074C746D2A25458E006812BD /* HomeMenuButtons.swift */,
				074C74742A25D3A2006812BD /* HomeScreenTabedView.swift */,
			);
			path = Home;
			sourceTree = "<group>";
		};
		07DEE2522A1DFE5300D8B4B5 /* Profile */ = {
			isa = PBXGroup;
			children = (
				07DEE2552A1DFE8F00D8B4B5 /* Sections */,
				07DEE2532A1DFE7D00D8B4B5 /* ProfileMainScreenView.swift */,
			);
			path = Profile;
			sourceTree = "<group>";
		};
		07DEE2552A1DFE8F00D8B4B5 /* Sections */ = {
			isa = PBXGroup;
			children = (
				0711DE232AF69E0D00CB3FB5 /* Political Exp */,
				0711DE222AF69E0300CB3FB5 /* ElectoralExp */,
				0711DE212AF69DFC00CB3FB5 /* Profile */,
			);
			path = Sections;
			sourceTree = "<group>";
		};
		F0B15009E2C56F86F6A3CC0A /* Frameworks */ = {
			isa = PBXGroup;
			children = (
				68EC90A6D613D7F00E958129 /* Pods_Campaigner.framework */,
			);
			name = Frameworks;
			sourceTree = "<group>";
		};
		FA461D702AF11C8F009A3FCE /* CustomAlert */ = {
			isa = PBXGroup;
			children = (
				FA461D712AF11CAF009A3FCE /* CustomAlertView.swift */,
			);
			path = CustomAlert;
			sourceTree = "<group>";
		};
		FA461D762AF128FE009A3FCE /* NavigationBar */ = {
			isa = PBXGroup;
			children = (
				FA461D772AF12919009A3FCE /* CustomNavBar.swift */,
				0711DE1F2AF64FAB00CB3FB5 /* CustomNavBarBack.swift */,
			);
			path = NavigationBar;
			sourceTree = "<group>";
		};
		FA5B5BE12A403446005AD722 /* News */ = {
			isa = PBXGroup;
			children = (
				FA5B5BE22A403462005AD722 /* NewsDetailScreenView.swift */,
			);
			path = News;
			sourceTree = "<group>";
		};
		FAD8FF382A2EFEB600466533 /* Notifications */ = {
			isa = PBXGroup;
			children = (
				FAD8FF392A2EFECC00466533 /* NotificationScreenView.swift */,
			);
			path = Notifications;
			sourceTree = "<group>";
		};
		FAD8FF632A385DAD00466533 /* ElectionResult */ = {
			isa = PBXGroup;
			children = (
				FAD8FF642A385DBD00466533 /* SearchElectionScreenView.swift */,
				07513CBF2AEE1F6500AB0290 /* ElectionHistoryListScreenView.swift */,
			);
			path = ElectionResult;
			sourceTree = "<group>";
		};
		FAD8FF682A3898BE00466533 /* PostElection */ = {
			isa = PBXGroup;
			children = (
				FAD8FF692A38A63900466533 /* PostResultsView.swift */,
				FAD8FF6B2A38FBE000466533 /* AddResultsView.swift */,
			);
			path = PostElection;
			sourceTree = "<group>";
		};
		FAD8FF732A39C64100466533 /* Member */ = {
			isa = PBXGroup;
			children = (
				FAD8FF742A39C65200466533 /* InviteMemberScreenView.swift */,
			);
			path = Member;
			sourceTree = "<group>";
		};
		FAD8FF772A39E72F00466533 /* Payments */ = {
			isa = PBXGroup;
			children = (
				FAD8FF782A39E74800466533 /* PaymentsScreenView.swift */,
				FAD8FF7D2A3A512200466533 /* PayNowScreenView.swift */,
				FAD8FF7F2A3B8A3500466533 /* SubscribeScreenView.swift */,
				FAD8FF812A3C63C000466533 /* SubscribePopUpScreenView.swift */,
			);
			path = Payments;
			sourceTree = "<group>";
		};
		FAF5B42B2AF251AB0036D37B /* SharedData */ = {
			isa = PBXGroup;
			children = (
				FAF5B42C2AF251C10036D37B /* UserData.swift */,
			);
			path = SharedData;
			sourceTree = "<group>";
		};
		FAF8E27B2A25F07600149D29 /* ContestingElections */ = {
			isa = PBXGroup;
			children = (
				FAF8E27C2A25F23B00149D29 /* ContestingElectionScreenView.swift */,
				FAF8E27E2A273FC000149D29 /* ContestingElectionPopUpScreenView.swift */,
				FA243E452A616EC800E7C0AB /* ContestingElectionUpdateScreenView.swift */,
			);
			path = ContestingElections;
			sourceTree = "<group>";
		};
		FAF8E2822A29CA9C00149D29 /* Teams */ = {
			isa = PBXGroup;
			children = (
				FAF8E2832A29CABC00149D29 /* TeamsScreenView.swift */,
				FAD8FF6D2A38FC7E00466533 /* AddMemberView.swift */,
				FAD8FF6F2A38FC8800466533 /* AddTeamView.swift */,
			);
			path = Teams;
			sourceTree = "<group>";
		};
		FAF8E2892A2B40F700149D29 /* Surveys */ = {
			isa = PBXGroup;
			children = (
				07513CC32AEEAABB00AB0290 /* SurveyHomeScreenView.swift */,
				07513CC52AF237CA00AB0290 /* SurveyAttemptScreenView.swift */,
			);
			path = Surveys;
			sourceTree = "<group>";
		};
		FAF8E28A2A2B8A8B00149D29 /* Reporting */ = {
			isa = PBXGroup;
			children = (
				FAD8FF302A2E2E6500466533 /* AddReportScreenView.swift */,
				FAD8FF612A385CB900466533 /* ReportingScreenView.swift */,
				FA243E432A611C3F00E7C0AB /* ReportingLcoation.swift */,
			);
			path = Reporting;
			sourceTree = "<group>";
		};
		FAF8E28B2A2B8A9500149D29 /* Complaints */ = {
			isa = PBXGroup;
			children = (
				FAD8FF362A2EFD8100466533 /* ComplaintsScreenView.swift */,
				07488D462AD1A97A0075CFAA /* AddNewComplaintView.swift */,
				07513CBB2AED718100AB0290 /* ComplaintCommentScreenView.swift */,
			);
			path = Complaints;
			sourceTree = "<group>";
		};
		FAF8E28C2A2B8F2200149D29 /* MainMenu */ = {
			isa = PBXGroup;
			children = (
				FAF8E28D2A2B8FA800149D29 /* HomeScreen.swift */,
			);
			path = MainMenu;
			sourceTree = "<group>";
		};
		FAF8E2932A2DBA5900149D29 /* SearchBar */ = {
			isa = PBXGroup;
			children = (
				FAF8E2942A2DBA6C00149D29 /* SearchBarView.swift */,
			);
			path = SearchBar;
			sourceTree = "<group>";
		};
		FB077F843F2454FCA70B36FC /* Pods */ = {
			isa = PBXGroup;
			children = (
				2B19C5D66E19E0962A8703B4 /* Pods-Campaigner.debug.xcconfig */,
				6F9B4EFB1EFFF03E943E1D9C /* Pods-Campaigner.release.xcconfig */,
			);
			path = Pods;
			sourceTree = "<group>";
		};
/* End PBXGroup section */

/* Begin PBXNativeTarget section */
		07ADF0AF2A07E4110096C82D /* Campaigner */ = {
			isa = PBXNativeTarget;
			buildConfigurationList = 07ADF0BE2A07E4120096C82D /* Build configuration list for PBXNativeTarget "Campaigner" */;
			buildPhases = (
				7DF5995ED3DD73E1F0ADE773 /* [CP] Check Pods Manifest.lock */,
				07ADF0AC2A07E4110096C82D /* Sources */,
				07ADF0AD2A07E4110096C82D /* Frameworks */,
				07ADF0AE2A07E4110096C82D /* Resources */,
				ADE2F08C3489F036FBE7108B /* [CP] Copy Pods Resources */,
				FED5E9013DA76001A84AC9E9 /* [CP] Embed Pods Frameworks */,
			);
			buildRules = (
			);
			dependencies = (
			);
			name = Campaigner;
			packageProductDependencies = (
				07DEE2342A1CE4A900D8B4B5 /* Alamofire */,
				07DEE2422A1CFB3700D8B4B5 /* SwiftyJSON */,
				07DEE24A2A1D3FC100D8B4B5 /* AlertToast */,
			);
			productName = Campaigner;
			productReference = 07ADF0B02A07E4110096C82D /* Campaigner.app */;
			productType = "com.apple.product-type.application";
		};
/* End PBXNativeTarget section */

/* Begin PBXProject section */
		07ADF0A82A07E4110096C82D /* Project object */ = {
			isa = PBXProject;
			attributes = {
				BuildIndependentTargetsInParallel = 1;
				LastSwiftUpdateCheck = 1410;
				LastUpgradeCheck = 1410;
				TargetAttributes = {
					07ADF0AF2A07E4110096C82D = {
						CreatedOnToolsVersion = 14.1;
					};
				};
			};
			buildConfigurationList = 07ADF0AB2A07E4110096C82D /* Build configuration list for PBXProject "Campaigner" */;
			compatibilityVersion = "Xcode 14.0";
			developmentRegion = en;
			hasScannedForEncodings = 0;
			knownRegions = (
				en,
				Base,
			);
			mainGroup = 07ADF0A72A07E4110096C82D;
			packageReferences = (
				07DEE2332A1CE4A900D8B4B5 /* XCRemoteSwiftPackageReference "Alamofire" */,
				07DEE2412A1CFB3700D8B4B5 /* XCRemoteSwiftPackageReference "SwiftyJSON" */,
				07DEE2492A1D3FC100D8B4B5 /* XCRemoteSwiftPackageReference "AlertToast" */,
			);
			productRefGroup = 07ADF0B12A07E4110096C82D /* Products */;
			projectDirPath = "";
			projectRoot = "";
			targets = (
				07ADF0AF2A07E4110096C82D /* Campaigner */,
			);
		};
/* End PBXProject section */

/* Begin PBXResourcesBuildPhase section */
		07ADF0AE2A07E4110096C82D /* Resources */ = {
			isa = PBXResourcesBuildPhase;
			buildActionMask = 2147483647;
			files = (
				07ADF0BB2A07E4120096C82D /* Preview Assets.xcassets in Resources */,
				07ADF0B82A07E4120096C82D /* Assets.xcassets in Resources */,
			);
			runOnlyForDeploymentPostprocessing = 0;
		};
/* End PBXResourcesBuildPhase section */

/* Begin PBXShellScriptBuildPhase section */
		7DF5995ED3DD73E1F0ADE773 /* [CP] Check Pods Manifest.lock */ = {
			isa = PBXShellScriptBuildPhase;
			buildActionMask = 2147483647;
			files = (
			);
			inputFileListPaths = (
			);
			inputPaths = (
				"${PODS_PODFILE_DIR_PATH}/Podfile.lock",
				"${PODS_ROOT}/Manifest.lock",
			);
			name = "[CP] Check Pods Manifest.lock";
			outputFileListPaths = (
			);
			outputPaths = (
				"$(DERIVED_FILE_DIR)/Pods-Campaigner-checkManifestLockResult.txt",
			);
			runOnlyForDeploymentPostprocessing = 0;
			shellPath = /bin/sh;
			shellScript = "diff \"${PODS_PODFILE_DIR_PATH}/Podfile.lock\" \"${PODS_ROOT}/Manifest.lock\" > /dev/null\nif [ $? != 0 ] ; then\n    # print error to STDERR\n    echo \"error: The sandbox is not in sync with the Podfile.lock. Run 'pod install' or update your CocoaPods installation.\" >&2\n    exit 1\nfi\n# This output is used by Xcode 'outputs' to avoid re-running this script phase.\necho \"SUCCESS\" > \"${SCRIPT_OUTPUT_FILE_0}\"\n";
			showEnvVarsInLog = 0;
		};
		ADE2F08C3489F036FBE7108B /* [CP] Copy Pods Resources */ = {
			isa = PBXShellScriptBuildPhase;
			buildActionMask = 2147483647;
			files = (
			);
			inputFileListPaths = (
				"${PODS_ROOT}/Target Support Files/Pods-Campaigner/Pods-Campaigner-resources-${CONFIGURATION}-input-files.xcfilelist",
			);
			name = "[CP] Copy Pods Resources";
			outputFileListPaths = (
				"${PODS_ROOT}/Target Support Files/Pods-Campaigner/Pods-Campaigner-resources-${CONFIGURATION}-output-files.xcfilelist",
			);
			runOnlyForDeploymentPostprocessing = 0;
			shellPath = /bin/sh;
			shellScript = "\"${PODS_ROOT}/Target Support Files/Pods-Campaigner/Pods-Campaigner-resources.sh\"\n";
			showEnvVarsInLog = 0;
		};
		FED5E9013DA76001A84AC9E9 /* [CP] Embed Pods Frameworks */ = {
			isa = PBXShellScriptBuildPhase;
			buildActionMask = 2147483647;
			files = (
			);
			inputFileListPaths = (
				"${PODS_ROOT}/Target Support Files/Pods-Campaigner/Pods-Campaigner-frameworks-${CONFIGURATION}-input-files.xcfilelist",
			);
			name = "[CP] Embed Pods Frameworks";
			outputFileListPaths = (
				"${PODS_ROOT}/Target Support Files/Pods-Campaigner/Pods-Campaigner-frameworks-${CONFIGURATION}-output-files.xcfilelist",
			);
			runOnlyForDeploymentPostprocessing = 0;
			shellPath = /bin/sh;
			shellScript = "\"${PODS_ROOT}/Target Support Files/Pods-Campaigner/Pods-Campaigner-frameworks.sh\"\n";
			showEnvVarsInLog = 0;
		};
/* End PBXShellScriptBuildPhase section */

/* Begin PBXSourcesBuildPhase section */
		07ADF0AC2A07E4110096C82D /* Sources */ = {
			isa = PBXSourcesBuildPhase;
			buildActionMask = 2147483647;
			files = (
				FA5B5BE32A403462005AD722 /* NewsDetailScreenView.swift in Sources */,
				FAD8FF4C2A308DE100466533 /* LookupsResponse.swift in Sources */,
				0778234C2ACFFD9A00A6F2E3 /* ProfileViewModel.swift in Sources */,
				07488D472AD1A97A0075CFAA /* AddNewComplaintView.swift in Sources */,
				FAD8FF6C2A38FBE000466533 /* AddResultsView.swift in Sources */,
				FAD8FF6E2A38FC7E00466533 /* AddMemberView.swift in Sources */,
				07ADF0DB2A07F7CA0096C82D /* CustomTextInput.swift in Sources */,
				FAD8FF542A33588600466533 /* ProgressHUDView.swift in Sources */,
				07513CB62AECE3E400AB0290 /* ComplaintListResponse.swift in Sources */,
				07488D362AD1039D0075CFAA /* NewsViewModel.swift in Sources */,
				FAD8FF482A30691E00466533 /* LookupsViewModel.swift in Sources */,
				FAC49CB82A51DE1200AFAE81 /* VerificationCodeInput.swift in Sources */,
				0702927A2A1A37730057FB33 /* Colors.swift in Sources */,
				FAD8FF372A2EFD8100466533 /* ComplaintsScreenView.swift in Sources */,
				FAF8E28E2A2B8FA800149D29 /* HomeScreen.swift in Sources */,
				07488D4B2AD1AC320075CFAA /* CardView.swift in Sources */,
				07DEE25F2A1DFF3300D8B4B5 /* ForgotPassSetPassScreenView.swift in Sources */,
				FAD8FF7E2A3A512200466533 /* PayNowScreenView.swift in Sources */,
				FAC49CC82A52086100AFAE81 /* OTPFieldView.swift in Sources */,
				0710C4FC2A1B89690035021A /* MainButton.swift in Sources */,
				FAD8FF722A3904B200466533 /* headerView.swift in Sources */,
				FAEE762E2A3CE1070077731A /* HomeResponse.swift in Sources */,
				07ADF0D22A07E5BF0096C82D /* LoginScreenView.swift in Sources */,
				FAD8FF822A3C63C000466533 /* SubscribePopUpScreenView.swift in Sources */,
				FA5B5BEF2A4452FC005AD722 /* ImageUploader.swift in Sources */,
				FA243E3C2A5D6B1600E7C0AB /* ReportingResponse.swift in Sources */,
				07513CBA2AECFEA100AB0290 /* GoogleMapView.swift in Sources */,
				FAD8FF5A2A36F63200466533 /* MultiLineTextField.swift in Sources */,
				FA243E422A60273B00E7C0AB /* MapScreen.swift in Sources */,
				07488D452AD1A1530075CFAA /* NoRecordView.swift in Sources */,
				FAC49CB42A498A7200AFAE81 /* AlertView.swift in Sources */,
				FAF8E2882A29F7A100149D29 /* TabBarButton.swift in Sources */,
				FAC49CCE2A52CB8E00AFAE81 /* SurveyViewModel.swift in Sources */,
				0711DE252AF69E3700CB3FB5 /* ElectoralExpAdd.swift in Sources */,
				FAF8E2812A27599600149D29 /* ContestentViewModel.swift in Sources */,
				FAD8FF3C2A2F36AF00466533 /* LogoutViewModel.swift in Sources */,
				07DEE2372A1CE50200D8B4B5 /* NetworkManager.swift in Sources */,
				07488D492AD1AA690075CFAA /* EmptyNavigationView.swift in Sources */,
				0770533A2A1C9B8C000E1327 /* DropDown.swift in Sources */,
				FAD8FF5E2A370DFB00466533 /* CustomButton.swift in Sources */,
				07DEE2402A1CF41400D8B4B5 /* LoginResponse.swift in Sources */,
				FAF8E2842A29CABC00149D29 /* TeamsScreenView.swift in Sources */,
				07513CBE2AED76D100AB0290 /* ComplaintCommentResponse.swift in Sources */,
				FAC49CC42A51FFC800AFAE81 /* PasscodeField.swift in Sources */,
				FAD8FF312A2E2E6600466533 /* AddReportScreenView.swift in Sources */,
				07ADF0B62A07E4110096C82D /* ContentView.swift in Sources */,
				FA5B5BE72A406350005AD722 /* NewsDetailsModel.swift in Sources */,
				0702927D2A1A442B0057FB33 /* FilterCnic.swift in Sources */,
				07DEE25B2A1DFED100D8B4B5 /* PoliticalSection.swift in Sources */,
				07DEE2302A1CDA3A00D8B4B5 /* BaseView.swift in Sources */,
				FAD8FF2F2A2E16F100466533 /* hoverButton.swift in Sources */,
				0711DE1E2AF6425A00CB3FB5 /* EditProfileScreenView.swift in Sources */,
				0710C4FF2A1BB4F10035021A /* FormInput.swift in Sources */,
				FAD8FF6A2A38A63900466533 /* PostResultsView.swift in Sources */,
				FAD8FF792A39E74800466533 /* PaymentsScreenView.swift in Sources */,
				070292812A1A5CEA0057FB33 /* CnicTextInput.swift in Sources */,
				07DEE23C2A1CE96900D8B4B5 /* ApiPaths.swift in Sources */,
				07ADF0D92A07E7730096C82D /* MainBGView.swift in Sources */,
				07DEE23E2A1CEB7300D8B4B5 /* LoginViewModel.swift in Sources */,
				07DEE2542A1DFE7D00D8B4B5 /* ProfileMainScreenView.swift in Sources */,
				FA5B5BE52A40590A005AD722 /* ImageView.swift in Sources */,
				FA243E3E2A5E820300E7C0AB /* HelperClass.swift in Sources */,
				07ADF0B42A07E4110096C82D /* CampaignerApp.swift in Sources */,
				0702927F2A1A44900057FB33 /* TextFieldContainer.swift in Sources */,
				07513CBC2AED718100AB0290 /* ComplaintCommentScreenView.swift in Sources */,
				FAD8FF332A2E31B500466533 /* AddButton.swift in Sources */,
				FAF8E27D2A25F23B00149D29 /* ContestingElectionScreenView.swift in Sources */,
				07DEE24E2A1D4F1000D8B4B5 /* ForgotPassViewModel.swift in Sources */,
				07ADF0DD2A07FFB70096C82D /* KeyboardGuardian.swift in Sources */,
				07DEE25D2A1DFF2400D8B4B5 /* ForgotPassPinScreenView.swift in Sources */,
				FA461D752AF11F86009A3FCE /* LoginCustomDivider.swift in Sources */,
				FA145A6B2AF3733700053160 /* TextFields.swift in Sources */,
				FAC49CD02A532D0500AFAE81 /* SurveyResponse.swift in Sources */,
				07DEE2572A1DFEA900D8B4B5 /* ProfileSection.swift in Sources */,
				FA5B5BED2A41D2FE005AD722 /* PaymentsResponse.swift in Sources */,
				FA461D722AF11CAF009A3FCE /* CustomAlertView.swift in Sources */,
				FAD8FF7C2A3A4BAC00466533 /* SecondaryButton.swift in Sources */,
				FA243E442A611C3F00E7C0AB /* ReportingLcoation.swift in Sources */,
				FAC49CD42A55490000AFAE81 /* CheckBoxOptionView.swift in Sources */,
				0711DE2A2AF6AC2B00CB3FB5 /* DataPicker.swift in Sources */,
				0711DE2F2AF820F200CB3FB5 /* ProfileElectoralExpResponse.swift in Sources */,
				FAC49CD82A5596EA00AFAE81 /* TeamsResponse.swift in Sources */,
				07513CC42AEEAABB00AB0290 /* SurveyHomeScreenView.swift in Sources */,
				FAC49CCC2A520DA900AFAE81 /* DesignTokenField.swift in Sources */,
				07ADF0D02A07E5B20096C82D /* SplashScreenView.swift in Sources */,
				FA145A6F2AF39D3D00053160 /* FormInputField.swift in Sources */,
				FAC49CDC2A5843AE00AFAE81 /* MultilineFormInput.swift in Sources */,
				FAD8FF422A2F61B700466533 /* AlertManager.swift in Sources */,
				0711DE2D2AF7856800CB3FB5 /* ProfilePoliticalResponse.swift in Sources */,
				07DEE2322A1CE38700D8B4B5 /* RegisterViewModel.swift in Sources */,
				FA5B5BEB2A41D2CA005AD722 /* PaymentsViewModel.swift in Sources */,
				FA461D782AF12919009A3FCE /* CustomNavBar.swift in Sources */,
				07488D432AD1A04B0075CFAA /* ViewTabBars.swift in Sources */,
				FAD8FF462A2F642800466533 /* AlertControlled.swift in Sources */,
				07513CC22AEE858200AB0290 /* SearchableDropDown.swift in Sources */,
				FAD8FF652A385DBD00466533 /* SearchElectionScreenView.swift in Sources */,
				074C74732A25CCB6006812BD /* SideMenuView.swift in Sources */,
				FAF8E2922A2C96AC00149D29 /* CounterTabView.swift in Sources */,
				074C74712A25CC88006812BD /* SideMenu.swift in Sources */,
				FAD8FF3A2A2EFECC00466533 /* NotificationScreenView.swift in Sources */,
				FAD8FF502A31AF4B00466533 /* ContestingElectionsResponse.swift in Sources */,
				07513CC02AEE1F6500AB0290 /* ElectionHistoryListScreenView.swift in Sources */,
				07ADF0D62A07E5EB0096C82D /* ForgotPasswordHomeScreenView.swift in Sources */,
				FAC49CDA2A5823D500AFAE81 /* ConfirmationAlert.swift in Sources */,
				FAD8FF622A385CB900466533 /* ReportingScreenView.swift in Sources */,
				FAF5B42D2AF251C10036D37B /* UserData.swift in Sources */,
				07DEE2592A1DFEBD00D8B4B5 /* ElectoralSection.swift in Sources */,
				0710C5032A1BC00E0035021A /* Loader.swift in Sources */,
				FA5B5BE92A41B6DB005AD722 /* CenterTitleModifier.swift in Sources */,
				07DEE22C2A1CB4D700D8B4B5 /* DropDownModel.swift in Sources */,
				07ADF0D42A07E5CB0096C82D /* RegisterScreenView.swift in Sources */,
				07DEE2482A1D372900D8B4B5 /* BaseViewProtocol.swift in Sources */,
				075AF3602AEA81CE00D33416 /* ComplaintsResponse.swift in Sources */,
				FAD8FF4E2A30B2B400466533 /* CustomDropDown.swift in Sources */,
				FAF8E27F2A273FC000149D29 /* ContestingElectionPopUpScreenView.swift in Sources */,
				FA5B5BE02A3DE5E4005AD722 /* ImageSelectorView.swift in Sources */,
				FAC49CB62A49937600AFAE81 /* SimpleAlertView.swift in Sources */,
				FAC49CD62A5596BF00AFAE81 /* TeamsViewModel.swift in Sources */,
				FA145A6D2AF374BC00053160 /* MobileNoTextField.swift in Sources */,
				FAD8FF752A39C65200466533 /* InviteMemberScreenView.swift in Sources */,
				FAEE762C2A3C9DD80077731A /* HomeViewModel.swift in Sources */,
				0711DE272AF6A98000CB3FB5 /* PoliticalPartyAdd.swift in Sources */,
				077823532AD0584900A6F2E3 /* TestContent.swift in Sources */,
				075AF35E2AEA7F2C00D33416 /* ComplaintsViewModel.swift in Sources */,
				FAD8FF672A386A3100466533 /* ToggleButtonView.swift in Sources */,
				FAD8FF602A383E7C00466533 /* RadioButton.swift in Sources */,
				074C746E2A25458E006812BD /* HomeMenuButtons.swift in Sources */,
				074C746C2A2535F9006812BD /* ImageSliderView.swift in Sources */,
				07DEE2512A1D50B500D8B4B5 /* HomeScreenView.swift in Sources */,
				077823512AD0546800A6F2E3 /* SearchableInput.swift in Sources */,
				07DEE23A2A1CE69100D8B4B5 /* BaseResponse.swift in Sources */,
				FA145A712AF3C5F500053160 /* InviteViewModel.swift in Sources */,
				FA243E462A616EC800E7C0AB /* ContestingElectionUpdateScreenView.swift in Sources */,
				FAD8FF5C2A37065000466533 /* CheckboxFieldView.swift in Sources */,
				FAD8FF582A36624800466533 /* ShareData.swift in Sources */,
				07513CB82AECFE3700AB0290 /* AppDelegate.swift in Sources */,
				FAC49CCA2A52089800AFAE81 /* OTPInputView.swift in Sources */,
				FAC49CDE2A5BF33100AFAE81 /* ReportingViewModel.swift in Sources */,
				FAF8E2862A29E88B00149D29 /* TabBarView.swift in Sources */,
				FAD8FF802A3B8A3500466533 /* SubscribeScreenView.swift in Sources */,
				07513CC62AF237CA00AB0290 /* SurveyAttemptScreenView.swift in Sources */,
				0778234E2AD0090100A6F2E3 /* BasicProfileInfoResponse.swift in Sources */,
				FAF8E2952A2DBA6C00149D29 /* SearchBarView.swift in Sources */,
				FAD8FF702A38FC8800466533 /* AddTeamView.swift in Sources */,
				07DEE2612A1E0BC500D8B4B5 /* Constants.swift in Sources */,
				0711DE202AF64FAB00CB3FB5 /* CustomNavBarBack.swift in Sources */,
				074C74752A25D3A2006812BD /* HomeScreenTabedView.swift in Sources */,
				07DEE2452A1D094E00D8B4B5 /* Global.swift in Sources */,
			);
			runOnlyForDeploymentPostprocessing = 0;
		};
/* End PBXSourcesBuildPhase section */

/* Begin XCBuildConfiguration section */
		07ADF0BC2A07E4120096C82D /* Debug */ = {
			isa = XCBuildConfiguration;
			buildSettings = {
				ALWAYS_SEARCH_USER_PATHS = NO;
				CLANG_ANALYZER_NONNULL = YES;
				CLANG_ANALYZER_NUMBER_OBJECT_CONVERSION = YES_AGGRESSIVE;
				CLANG_CXX_LANGUAGE_STANDARD = "gnu++20";
				CLANG_ENABLE_MODULES = YES;
				CLANG_ENABLE_OBJC_ARC = YES;
				CLANG_ENABLE_OBJC_WEAK = YES;
				CLANG_WARN_BLOCK_CAPTURE_AUTORELEASING = YES;
				CLANG_WARN_BOOL_CONVERSION = YES;
				CLANG_WARN_COMMA = YES;
				CLANG_WARN_CONSTANT_CONVERSION = YES;
				CLANG_WARN_DEPRECATED_OBJC_IMPLEMENTATIONS = YES;
				CLANG_WARN_DIRECT_OBJC_ISA_USAGE = YES_ERROR;
				CLANG_WARN_DOCUMENTATION_COMMENTS = YES;
				CLANG_WARN_EMPTY_BODY = YES;
				CLANG_WARN_ENUM_CONVERSION = YES;
				CLANG_WARN_INFINITE_RECURSION = YES;
				CLANG_WARN_INT_CONVERSION = YES;
				CLANG_WARN_NON_LITERAL_NULL_CONVERSION = YES;
				CLANG_WARN_OBJC_IMPLICIT_RETAIN_SELF = YES;
				CLANG_WARN_OBJC_LITERAL_CONVERSION = YES;
				CLANG_WARN_OBJC_ROOT_CLASS = YES_ERROR;
				CLANG_WARN_QUOTED_INCLUDE_IN_FRAMEWORK_HEADER = YES;
				CLANG_WARN_RANGE_LOOP_ANALYSIS = YES;
				CLANG_WARN_STRICT_PROTOTYPES = YES;
				CLANG_WARN_SUSPICIOUS_MOVE = YES;
				CLANG_WARN_UNGUARDED_AVAILABILITY = YES_AGGRESSIVE;
				CLANG_WARN_UNREACHABLE_CODE = YES;
				CLANG_WARN__DUPLICATE_METHOD_MATCH = YES;
				COPY_PHASE_STRIP = NO;
				DEBUG_INFORMATION_FORMAT = dwarf;
				ENABLE_STRICT_OBJC_MSGSEND = YES;
				ENABLE_TESTABILITY = YES;
				GCC_C_LANGUAGE_STANDARD = gnu11;
				GCC_DYNAMIC_NO_PIC = NO;
				GCC_NO_COMMON_BLOCKS = YES;
				GCC_OPTIMIZATION_LEVEL = 0;
				GCC_PREPROCESSOR_DEFINITIONS = (
					"DEBUG=1",
					"$(inherited)",
				);
				GCC_WARN_64_TO_32_BIT_CONVERSION = YES;
				GCC_WARN_ABOUT_RETURN_TYPE = YES_ERROR;
				GCC_WARN_UNDECLARED_SELECTOR = YES;
				GCC_WARN_UNINITIALIZED_AUTOS = YES_AGGRESSIVE;
				GCC_WARN_UNUSED_FUNCTION = YES;
				GCC_WARN_UNUSED_VARIABLE = YES;
				IPHONEOS_DEPLOYMENT_TARGET = 16.1;
				MTL_ENABLE_DEBUG_INFO = INCLUDE_SOURCE;
				MTL_FAST_MATH = YES;
				ONLY_ACTIVE_ARCH = YES;
				SDKROOT = iphoneos;
				SWIFT_ACTIVE_COMPILATION_CONDITIONS = DEBUG;
				SWIFT_OPTIMIZATION_LEVEL = "-Onone";
			};
			name = Debug;
		};
		07ADF0BD2A07E4120096C82D /* Release */ = {
			isa = XCBuildConfiguration;
			buildSettings = {
				ALWAYS_SEARCH_USER_PATHS = NO;
				CLANG_ANALYZER_NONNULL = YES;
				CLANG_ANALYZER_NUMBER_OBJECT_CONVERSION = YES_AGGRESSIVE;
				CLANG_CXX_LANGUAGE_STANDARD = "gnu++20";
				CLANG_ENABLE_MODULES = YES;
				CLANG_ENABLE_OBJC_ARC = YES;
				CLANG_ENABLE_OBJC_WEAK = YES;
				CLANG_WARN_BLOCK_CAPTURE_AUTORELEASING = YES;
				CLANG_WARN_BOOL_CONVERSION = YES;
				CLANG_WARN_COMMA = YES;
				CLANG_WARN_CONSTANT_CONVERSION = YES;
				CLANG_WARN_DEPRECATED_OBJC_IMPLEMENTATIONS = YES;
				CLANG_WARN_DIRECT_OBJC_ISA_USAGE = YES_ERROR;
				CLANG_WARN_DOCUMENTATION_COMMENTS = YES;
				CLANG_WARN_EMPTY_BODY = YES;
				CLANG_WARN_ENUM_CONVERSION = YES;
				CLANG_WARN_INFINITE_RECURSION = YES;
				CLANG_WARN_INT_CONVERSION = YES;
				CLANG_WARN_NON_LITERAL_NULL_CONVERSION = YES;
				CLANG_WARN_OBJC_IMPLICIT_RETAIN_SELF = YES;
				CLANG_WARN_OBJC_LITERAL_CONVERSION = YES;
				CLANG_WARN_OBJC_ROOT_CLASS = YES_ERROR;
				CLANG_WARN_QUOTED_INCLUDE_IN_FRAMEWORK_HEADER = YES;
				CLANG_WARN_RANGE_LOOP_ANALYSIS = YES;
				CLANG_WARN_STRICT_PROTOTYPES = YES;
				CLANG_WARN_SUSPICIOUS_MOVE = YES;
				CLANG_WARN_UNGUARDED_AVAILABILITY = YES_AGGRESSIVE;
				CLANG_WARN_UNREACHABLE_CODE = YES;
				CLANG_WARN__DUPLICATE_METHOD_MATCH = YES;
				COPY_PHASE_STRIP = NO;
				DEBUG_INFORMATION_FORMAT = "dwarf-with-dsym";
				ENABLE_NS_ASSERTIONS = NO;
				ENABLE_STRICT_OBJC_MSGSEND = YES;
				GCC_C_LANGUAGE_STANDARD = gnu11;
				GCC_NO_COMMON_BLOCKS = YES;
				GCC_WARN_64_TO_32_BIT_CONVERSION = YES;
				GCC_WARN_ABOUT_RETURN_TYPE = YES_ERROR;
				GCC_WARN_UNDECLARED_SELECTOR = YES;
				GCC_WARN_UNINITIALIZED_AUTOS = YES_AGGRESSIVE;
				GCC_WARN_UNUSED_FUNCTION = YES;
				GCC_WARN_UNUSED_VARIABLE = YES;
				IPHONEOS_DEPLOYMENT_TARGET = 16.1;
				MTL_ENABLE_DEBUG_INFO = NO;
				MTL_FAST_MATH = YES;
				SDKROOT = iphoneos;
				SWIFT_COMPILATION_MODE = wholemodule;
				SWIFT_OPTIMIZATION_LEVEL = "-O";
				VALIDATE_PRODUCT = YES;
			};
			name = Release;
		};
		07ADF0BF2A07E4120096C82D /* Debug */ = {
			isa = XCBuildConfiguration;
			baseConfigurationReference = 2B19C5D66E19E0962A8703B4 /* Pods-Campaigner.debug.xcconfig */;
			buildSettings = {
				ASSETCATALOG_COMPILER_APPICON_NAME = AppIcon;
				ASSETCATALOG_COMPILER_GLOBAL_ACCENT_COLOR_NAME = AccentColor;
				CODE_SIGN_STYLE = Automatic;
				CURRENT_PROJECT_VERSION = 1;
				DEVELOPMENT_ASSET_PATHS = "\"Campaigner/Preview Content\"";
				DEVELOPMENT_TEAM = 38W3GXD597;
				ENABLE_PREVIEWS = YES;
				GENERATE_INFOPLIST_FILE = YES;
				INFOPLIST_KEY_CFBundleDisplayName = halka;
				INFOPLIST_KEY_LSApplicationCategoryType = "public.app-category.utilities";
				INFOPLIST_KEY_UIApplicationSceneManifest_Generation = YES;
				INFOPLIST_KEY_UIApplicationSupportsIndirectInputEvents = YES;
				INFOPLIST_KEY_UILaunchScreen_Generation = YES;
				INFOPLIST_KEY_UIStatusBarStyle = UIStatusBarStyleLightContent;
				INFOPLIST_KEY_UISupportedInterfaceOrientations = UIInterfaceOrientationPortrait;
				IPHONEOS_DEPLOYMENT_TARGET = 16.0;
				LD_RUNPATH_SEARCH_PATHS = (
					"$(inherited)",
					"@executable_path/Frameworks",
				);
				MARKETING_VERSION = 1.0.0;
				PRODUCT_BUNDLE_IDENTIFIER = com.syntecx.halka;
				PRODUCT_NAME = "$(TARGET_NAME)";
				SWIFT_EMIT_LOC_STRINGS = YES;
				SWIFT_VERSION = 5.0;
				TARGETED_DEVICE_FAMILY = "1,2";
			};
			name = Debug;
		};
		07ADF0C02A07E4120096C82D /* Release */ = {
			isa = XCBuildConfiguration;
			baseConfigurationReference = 6F9B4EFB1EFFF03E943E1D9C /* Pods-Campaigner.release.xcconfig */;
			buildSettings = {
				ASSETCATALOG_COMPILER_APPICON_NAME = AppIcon;
				ASSETCATALOG_COMPILER_GLOBAL_ACCENT_COLOR_NAME = AccentColor;
				CODE_SIGN_STYLE = Automatic;
				CURRENT_PROJECT_VERSION = 1;
				DEVELOPMENT_ASSET_PATHS = "\"Campaigner/Preview Content\"";
				DEVELOPMENT_TEAM = 38W3GXD597;
				ENABLE_PREVIEWS = YES;
				GENERATE_INFOPLIST_FILE = YES;
				INFOPLIST_KEY_CFBundleDisplayName = halka;
				INFOPLIST_KEY_LSApplicationCategoryType = "public.app-category.utilities";
				INFOPLIST_KEY_UIApplicationSceneManifest_Generation = YES;
				INFOPLIST_KEY_UIApplicationSupportsIndirectInputEvents = YES;
				INFOPLIST_KEY_UILaunchScreen_Generation = YES;
				INFOPLIST_KEY_UIStatusBarStyle = UIStatusBarStyleLightContent;
				INFOPLIST_KEY_UISupportedInterfaceOrientations = UIInterfaceOrientationPortrait;
				IPHONEOS_DEPLOYMENT_TARGET = 16.0;
				LD_RUNPATH_SEARCH_PATHS = (
					"$(inherited)",
					"@executable_path/Frameworks",
				);
				MARKETING_VERSION = 1.0.0;
				PRODUCT_BUNDLE_IDENTIFIER = com.syntecx.halka;
				PRODUCT_NAME = "$(TARGET_NAME)";
				SWIFT_EMIT_LOC_STRINGS = YES;
				SWIFT_VERSION = 5.0;
				TARGETED_DEVICE_FAMILY = "1,2";
			};
			name = Release;
		};
/* End XCBuildConfiguration section */

/* Begin XCConfigurationList section */
		07ADF0AB2A07E4110096C82D /* Build configuration list for PBXProject "Campaigner" */ = {
			isa = XCConfigurationList;
			buildConfigurations = (
				07ADF0BC2A07E4120096C82D /* Debug */,
				07ADF0BD2A07E4120096C82D /* Release */,
			);
			defaultConfigurationIsVisible = 0;
			defaultConfigurationName = Release;
		};
		07ADF0BE2A07E4120096C82D /* Build configuration list for PBXNativeTarget "Campaigner" */ = {
			isa = XCConfigurationList;
			buildConfigurations = (
				07ADF0BF2A07E4120096C82D /* Debug */,
				07ADF0C02A07E4120096C82D /* Release */,
			);
			defaultConfigurationIsVisible = 0;
			defaultConfigurationName = Release;
		};
/* End XCConfigurationList section */

/* Begin XCRemoteSwiftPackageReference section */
		07DEE2332A1CE4A900D8B4B5 /* XCRemoteSwiftPackageReference "Alamofire" */ = {
			isa = XCRemoteSwiftPackageReference;
			repositoryURL = "https://github.com/Alamofire/Alamofire.git";
			requirement = {
				kind = upToNextMajorVersion;
				minimumVersion = 5.0.0;
			};
		};
		07DEE2412A1CFB3700D8B4B5 /* XCRemoteSwiftPackageReference "SwiftyJSON" */ = {
			isa = XCRemoteSwiftPackageReference;
			repositoryURL = "https://github.com/SwiftyJSON/SwiftyJSON";
			requirement = {
				kind = upToNextMajorVersion;
				minimumVersion = 5.0.0;
			};
		};
		07DEE2492A1D3FC100D8B4B5 /* XCRemoteSwiftPackageReference "AlertToast" */ = {
			isa = XCRemoteSwiftPackageReference;
			repositoryURL = "https://github.com/elai950/AlertToast";
			requirement = {
				kind = upToNextMajorVersion;
				minimumVersion = 1.0.0;
			};
		};
/* End XCRemoteSwiftPackageReference section */

/* Begin XCSwiftPackageProductDependency section */
		07DEE2342A1CE4A900D8B4B5 /* Alamofire */ = {
			isa = XCSwiftPackageProductDependency;
			package = 07DEE2332A1CE4A900D8B4B5 /* XCRemoteSwiftPackageReference "Alamofire" */;
			productName = Alamofire;
		};
		07DEE2422A1CFB3700D8B4B5 /* SwiftyJSON */ = {
			isa = XCSwiftPackageProductDependency;
			package = 07DEE2412A1CFB3700D8B4B5 /* XCRemoteSwiftPackageReference "SwiftyJSON" */;
			productName = SwiftyJSON;
		};
		07DEE24A2A1D3FC100D8B4B5 /* AlertToast */ = {
			isa = XCSwiftPackageProductDependency;
			package = 07DEE2492A1D3FC100D8B4B5 /* XCRemoteSwiftPackageReference "AlertToast" */;
			productName = AlertToast;
		};
/* End XCSwiftPackageProductDependency section */
	};
	rootObject = 07ADF0A82A07E4110096C82D /* Project object */;
}
